
Microsoft Visual Studio Solution File, Format Version 12.00
# Visual Studio 15
VisualStudioVersion = 15.0.27703.2000
MinimumVisualStudioVersion = 10.0.40219.1
Project("{FAE04EC0-301F-11D3-BF4B-00C04F79EFBC}") = "LISTING2-86", "LISTING2-86\LISTING2-86.csproj", "{AD108FD5-650F-4D06-A7D2-4A1ECD3F2EE6}"
EndProject
Project("{FAE04EC0-301F-11D3-BF4B-00C04F79EFBC}") = "LISTING2-87", "LISTING2-87\LISTING2-87.csproj", "{C526FE64-DFF0-4241-A6DE-75775B4CEEB4}"
EndProject
Project("{FAE04EC0-301F-11D3-BF4B-00C04F79EFBC}") = "LISTING2-88", "LISTING2-88\LISTING2-88.csproj", "{B79FADE4-500C-4DE3-AD69-EEA569D4E61A}"
EndProject
Project("{FAE04EC0-301F-11D3-BF4B-00C04F79EFBC}") = "LISTING2-89", "LISTING2-89\LISTING2-89.csproj", "{C416E51D-9D1A-4C0C-91E8-8A68198FC041}"
EndProject
Project("{FAE04EC0-301F-11D3-BF4B-00C04F79EFBC}") = "LISTING2-90", "LISTING2-90\LISTING2-90.csproj", "{3E53DCEF-A511-4BC6-B61E-8DABAC0EFD27}"
EndProject
Project("{FAE04EC0-301F-11D3-BF4B-00C04F79EFBC}") = "LISTING2-91", "LISTING2-91\LISTING2-91.csproj", "{DABE1B26-C54F-4982-AC6E-68D6AE2CF97D}"
EndProject
Project("{FAE04EC0-301F-11D3-BF4B-00C04F79EFBC}") = "LISTING2-92", "LISTING2-92\LISTING2-92.csproj", "{E02878DD-7D93-4816-B63D-C1C7533F70B8}"
EndProject
Project("{FAE04EC0-301F-11D3-BF4B-00C04F79EFBC}") = "LISTING2-93", "LISTING2-93\LISTING2-93.csproj", "{37737A17-9B42-4EA0-BBD7-508AED038564}"
EndProject
Project("{FAE04EC0-301F-11D3-BF4B-00C04F79EFBC}") = "LISTING2-94", "LISTING2-94\LISTING2-94.csproj", "{6A4D7C80-8613-4C24-8945-699CA6726BB8}"
EndProject
Project("{FAE04EC0-301F-11D3-BF4B-00C04F79EFBC}") = "LISTING2-95", "LISTING2-95\LISTING2-95.csproj", "{29CE41DB-1102-4F7C-BC09-1316014EA480}"
EndProject
Project("{FAE04EC0-301F-11D3-BF4B-00C04F79EFBC}") = "LISTING2-96", "LISTING2-96\LISTING2-96.csproj", "{DB50B64F-BD55-4917-8D81-A26FEF8B9CE8}"
EndProject
Project("{FAE04EC0-301F-11D3-BF4B-00C04F79EFBC}") = "LISTING2-97", "LISTING2-97\LISTING2-97.csproj", "{C99D6742-9B3A-4EC2-A1A5-8A4FF485FC0A}"
EndProject
Project("{FAE04EC0-301F-11D3-BF4B-00C04F79EFBC}") = "LISTING2-98", "LISTING2-98\LISTING2-98.csproj", "{AAB13D10-E2FA-46E4-A2DC-C4086D095B53}"
EndProject
Project("{FAE04EC0-301F-11D3-BF4B-00C04F79EFBC}") = "LISTING2-99", "LISTING2-99\LISTING2-99.csproj", "{3CD36F82-8F07-4789-879E-A7ECA47C11FB}"
EndProject
Project("{FAE04EC0-301F-11D3-BF4B-00C04F79EFBC}") = "LISTING2-100", "LISTING2-100\LISTING2-100.csproj", "{40185C2D-B79B-441D-BD2C-81088106A7E1}"
EndProject
Global
	GlobalSection(SolutionConfigurationPlatforms) = preSolution
		Debug|Any CPU = Debug|Any CPU
		Release|Any CPU = Release|Any CPU
	EndGlobalSection
	GlobalSection(ProjectConfigurationPlatforms) = postSolution
		{AD108FD5-650F-4D06-A7D2-4A1ECD3F2EE6}.Debug|Any CPU.ActiveCfg = Debug|Any CPU
		{AD108FD5-650F-4D06-A7D2-4A1ECD3F2EE6}.Debug|Any CPU.Build.0 = Debug|Any CPU
		{AD108FD5-650F-4D06-A7D2-4A1ECD3F2EE6}.Release|Any CPU.ActiveCfg = Release|Any CPU
		{AD108FD5-650F-4D06-A7D2-4A1ECD3F2EE6}.Release|Any CPU.Build.0 = Release|Any CPU
		{C526FE64-DFF0-4241-A6DE-75775B4CEEB4}.Debug|Any CPU.ActiveCfg = Debug|Any CPU
		{C526FE64-DFF0-4241-A6DE-75775B4CEEB4}.Debug|Any CPU.Build.0 = Debug|Any CPU
		{C526FE64-DFF0-4241-A6DE-75775B4CEEB4}.Release|Any CPU.ActiveCfg = Release|Any CPU
		{C526FE64-DFF0-4241-A6DE-75775B4CEEB4}.Release|Any CPU.Build.0 = Release|Any CPU
		{B79FADE4-500C-4DE3-AD69-EEA569D4E61A}.Debug|Any CPU.ActiveCfg = Debug|Any CPU
		{B79FADE4-500C-4DE3-AD69-EEA569D4E61A}.Debug|Any CPU.Build.0 = Debug|Any CPU
		{B79FADE4-500C-4DE3-AD69-EEA569D4E61A}.Release|Any CPU.ActiveCfg = Release|Any CPU
		{B79FADE4-500C-4DE3-AD69-EEA569D4E61A}.Release|Any CPU.Build.0 = Release|Any CPU
		{C416E51D-9D1A-4C0C-91E8-8A68198FC041}.Debug|Any CPU.ActiveCfg = Debug|Any CPU
		{C416E51D-9D1A-4C0C-91E8-8A68198FC041}.Debug|Any CPU.Build.0 = Debug|Any CPU
		{C416E51D-9D1A-4C0C-91E8-8A68198FC041}.Release|Any CPU.ActiveCfg = Release|Any CPU
		{C416E51D-9D1A-4C0C-91E8-8A68198FC041}.Release|Any CPU.Build.0 = Release|Any CPU
		{3E53DCEF-A511-4BC6-B61E-8DABAC0EFD27}.Debug|Any CPU.ActiveCfg = Debug|Any CPU
		{3E53DCEF-A511-4BC6-B61E-8DABAC0EFD27}.Debug|Any CPU.Build.0 = Debug|Any CPU
		{3E53DCEF-A511-4BC6-B61E-8DABAC0EFD27}.Release|Any CPU.ActiveCfg = Release|Any CPU
		{3E53DCEF-A511-4BC6-B61E-8DABAC0EFD27}.Release|Any CPU.Build.0 = Release|Any CPU
		{DABE1B26-C54F-4982-AC6E-68D6AE2CF97D}.Debug|Any CPU.ActiveCfg = Debug|Any CPU
		{DABE1B26-C54F-4982-AC6E-68D6AE2CF97D}.Debug|Any CPU.Build.0 = Debug|Any CPU
		{DABE1B26-C54F-4982-AC6E-68D6AE2CF97D}.Release|Any CPU.ActiveCfg = Release|Any CPU
		{DABE1B26-C54F-4982-AC6E-68D6AE2CF97D}.Release|Any CPU.Build.0 = Release|Any CPU
		{E02878DD-7D93-4816-B63D-C1C7533F70B8}.Debug|Any CPU.ActiveCfg = Debug|Any CPU
		{E02878DD-7D93-4816-B63D-C1C7533F70B8}.Debug|Any CPU.Build.0 = Debug|Any CPU
		{E02878DD-7D93-4816-B63D-C1C7533F70B8}.Release|Any CPU.ActiveCfg = Release|Any CPU
		{E02878DD-7D93-4816-B63D-C1C7533F70B8}.Release|Any CPU.Build.0 = Release|Any CPU
		{37737A17-9B42-4EA0-BBD7-508AED038564}.Debug|Any CPU.ActiveCfg = Debug|Any CPU
		{37737A17-9B42-4EA0-BBD7-508AED038564}.Debug|Any CPU.Build.0 = Debug|Any CPU
		{37737A17-9B42-4EA0-BBD7-508AED038564}.Release|Any CPU.ActiveCfg = Release|Any CPU
		{37737A17-9B42-4EA0-BBD7-508AED038564}.Release|Any CPU.Build.0 = Release|Any CPU
		{6A4D7C80-8613-4C24-8945-699CA6726BB8}.Debug|Any CPU.ActiveCfg = Debug|Any CPU
		{6A4D7C80-8613-4C24-8945-699CA6726BB8}.Debug|Any CPU.Build.0 = Debug|Any CPU
		{6A4D7C80-8613-4C24-8945-699CA6726BB8}.Release|Any CPU.ActiveCfg = Release|Any CPU
		{6A4D7C80-8613-4C24-8945-699CA6726BB8}.Release|Any CPU.Build.0 = Release|Any CPU
		{29CE41DB-1102-4F7C-BC09-1316014EA480}.Debug|Any CPU.ActiveCfg = Debug|Any CPU
		{29CE41DB-1102-4F7C-BC09-1316014EA480}.Debug|Any CPU.Build.0 = Debug|Any CPU
		{29CE41DB-1102-4F7C-BC09-1316014EA480}.Release|Any CPU.ActiveCfg = Release|Any CPU
		{29CE41DB-1102-4F7C-BC09-1316014EA480}.Release|Any CPU.Build.0 = Release|Any CPU
		{DB50B64F-BD55-4917-8D81-A26FEF8B9CE8}.Debug|Any CPU.ActiveCfg = Debug|Any CPU
		{DB50B64F-BD55-4917-8D81-A26FEF8B9CE8}.Debug|Any CPU.Build.0 = Debug|Any CPU
		{DB50B64F-BD55-4917-8D81-A26FEF8B9CE8}.Release|Any CPU.ActiveCfg = Release|Any CPU
		{DB50B64F-BD55-4917-8D81-A26FEF8B9CE8}.Release|Any CPU.Build.0 = Release|Any CPU
		{C99D6742-9B3A-4EC2-A1A5-8A4FF485FC0A}.Debug|Any CPU.ActiveCfg = Debug|Any CPU
		{C99D6742-9B3A-4EC2-A1A5-8A4FF485FC0A}.Debug|Any CPU.Build.0 = Debug|Any CPU
		{C99D6742-9B3A-4EC2-A1A5-8A4FF485FC0A}.Release|Any CPU.ActiveCfg = Release|Any CPU
		{C99D6742-9B3A-4EC2-A1A5-8A4FF485FC0A}.Release|Any CPU.Build.0 = Release|Any CPU
		{AAB13D10-E2FA-46E4-A2DC-C4086D095B53}.Debug|Any CPU.ActiveCfg = Debug|Any CPU
		{AAB13D10-E2FA-46E4-A2DC-C4086D095B53}.Debug|Any CPU.Build.0 = Debug|Any CPU
		{AAB13D10-E2FA-46E4-A2DC-C4086D095B53}.Release|Any CPU.ActiveCfg = Release|Any CPU
		{AAB13D10-E2FA-46E4-A2DC-C4086D095B53}.Release|Any CPU.Build.0 = Release|Any CPU
		{3CD36F82-8F07-4789-879E-A7ECA47C11FB}.Debug|Any CPU.ActiveCfg = Debug|Any CPU
		{3CD36F82-8F07-4789-879E-A7ECA47C11FB}.Debug|Any CPU.Build.0 = Debug|Any CPU
		{3CD36F82-8F07-4789-879E-A7ECA47C11FB}.Release|Any CPU.ActiveCfg = Release|Any CPU
		{3CD36F82-8F07-4789-879E-A7ECA47C11FB}.Release|Any CPU.Build.0 = Release|Any CPU
		{40185C2D-B79B-441D-BD2C-81088106A7E1}.Debug|Any CPU.ActiveCfg = Debug|Any CPU
		{40185C2D-B79B-441D-BD2C-81088106A7E1}.Debug|Any CPU.Build.0 = Debug|Any CPU
		{40185C2D-B79B-441D-BD2C-81088106A7E1}.Release|Any CPU.ActiveCfg = Release|Any CPU
		{40185C2D-B79B-441D-BD2C-81088106A7E1}.Release|Any CPU.Build.0 = Release|Any CPU
	EndGlobalSection
	GlobalSection(SolutionProperties) = preSolution
		HideSolutionNode = FALSE
	EndGlobalSection
	GlobalSection(ExtensibilityGlobals) = postSolution
		SolutionGuid = {EE79A459-F26A-43CF-9B1A-910A1CC755FD}
	EndGlobalSection
EndGlobal
