
Microsoft Visual Studio Solution File, Format Version 12.00
# Visual Studio 15
VisualStudioVersion = 15.0.27703.2000
MinimumVisualStudioVersion = 10.0.40219.1
Project("{FAE04EC0-301F-11D3-BF4B-00C04F79EFBC}") = "LISTING2-1", "LISTING2-1\LISTING2-1.csproj", "{DE7F9A6B-AB3B-4B10-BEA1-C438A0FBC5AF}"
EndProject
Project("{FAE04EC0-301F-11D3-BF4B-00C04F79EFBC}") = "LISTING2-2", "LISTING2-2\LISTING2-2.csproj", "{58194AC0-BD6D-460E-88A3-5C338670DB7B}"
EndProject
Project("{FAE04EC0-301F-11D3-BF4B-00C04F79EFBC}") = "LISTING2-3", "LISTING2-3\LISTING2-3.csproj", "{AC375AED-6A23-4D1F-81E0-E63940541E49}"
EndProject
Project("{FAE04EC0-301F-11D3-BF4B-00C04F79EFBC}") = "LISTING2-4", "LISTING2-4\LISTING2-4.csproj", "{98A4619F-7012-42A9-896B-E6D9CB259D89}"
EndProject
Project("{FAE04EC0-301F-11D3-BF4B-00C04F79EFBC}") = "LISTING2-5", "LISTING2-5\LISTING2-5.csproj", "{F244F59D-FF3D-48EA-A659-B37BC5FB5AA4}"
EndProject
Project("{FAE04EC0-301F-11D3-BF4B-00C04F79EFBC}") = "LISTING2-6", "LISTING2-6\LISTING2-6.csproj", "{8A485E2E-65C1-45C9-BAC4-2296011A3F32}"
EndProject
Project("{FAE04EC0-301F-11D3-BF4B-00C04F79EFBC}") = "LISTING2-7", "LISTING2-7\LISTING2-7.csproj", "{0E2EAF6F-0EBA-4A9F-A608-CF250BC4DE40}"
EndProject
Project("{FAE04EC0-301F-11D3-BF4B-00C04F79EFBC}") = "LISTING2-8", "LISTING2-8\LISTING2-8.csproj", "{861AA670-767A-495B-A995-4510C6285EE4}"
EndProject
Project("{FAE04EC0-301F-11D3-BF4B-00C04F79EFBC}") = "LISTING2-9", "LISTING2-9\LISTING2-9.csproj", "{350DC920-1A71-46F9-B45D-BC2F78E34738}"
EndProject
Project("{FAE04EC0-301F-11D3-BF4B-00C04F79EFBC}") = "LISTING2-10", "LISTING2-10\LISTING2-10.csproj", "{AF39671B-6992-4227-9CF0-96C16FD04892}"
EndProject
Project("{FAE04EC0-301F-11D3-BF4B-00C04F79EFBC}") = "LISTING2-11", "LISTING2-11\LISTING2-11.csproj", "{EDBCDBA3-91E4-4229-98FA-2C81B8B51E37}"
EndProject
Project("{FAE04EC0-301F-11D3-BF4B-00C04F79EFBC}") = "LISTING2-12", "LISTING2-12\LISTING2-12.csproj", "{3B0839A5-53F3-48DF-8199-FAE14C8F408B}"
EndProject
Project("{FAE04EC0-301F-11D3-BF4B-00C04F79EFBC}") = "LISTING2-13", "LISTING2-13\LISTING2-13.csproj", "{FE57B82D-4454-4847-B7D5-DC0CFD1F4AC5}"
EndProject
Project("{FAE04EC0-301F-11D3-BF4B-00C04F79EFBC}") = "LISTING2-14", "LISTING2-14\LISTING2-14.csproj", "{56F6465E-9A99-4C89-A959-6F66A59195C8}"
EndProject
Project("{FAE04EC0-301F-11D3-BF4B-00C04F79EFBC}") = "LISTING2-15", "LISTING2-15\LISTING2-15.csproj", "{56F7801B-6477-4ADE-9FF2-4DD9CD49C107}"
EndProject
Project("{FAE04EC0-301F-11D3-BF4B-00C04F79EFBC}") = "LISTING2-16", "LISTING2-16\LISTING2-16.csproj", "{8303A34A-B66B-4C1C-8247-8B9C9F23B7DA}"
EndProject
Project("{FAE04EC0-301F-11D3-BF4B-00C04F79EFBC}") = "LISTING2-17", "LISTING2-17\LISTING2-17.csproj", "{34EF80FD-F984-4BDD-A927-EE89FCF1B05B}"
EndProject
Project("{FAE04EC0-301F-11D3-BF4B-00C04F79EFBC}") = "LISTING2-18", "LISTING2-18\LISTING2-18.csproj", "{137228F8-9964-43A8-B8F7-66C529F9271F}"
EndProject
Global
	GlobalSection(SolutionConfigurationPlatforms) = preSolution
		Debug|Any CPU = Debug|Any CPU
		Release|Any CPU = Release|Any CPU
	EndGlobalSection
	GlobalSection(ProjectConfigurationPlatforms) = postSolution
		{DE7F9A6B-AB3B-4B10-BEA1-C438A0FBC5AF}.Debug|Any CPU.ActiveCfg = Debug|Any CPU
		{DE7F9A6B-AB3B-4B10-BEA1-C438A0FBC5AF}.Debug|Any CPU.Build.0 = Debug|Any CPU
		{DE7F9A6B-AB3B-4B10-BEA1-C438A0FBC5AF}.Release|Any CPU.ActiveCfg = Release|Any CPU
		{DE7F9A6B-AB3B-4B10-BEA1-C438A0FBC5AF}.Release|Any CPU.Build.0 = Release|Any CPU
		{58194AC0-BD6D-460E-88A3-5C338670DB7B}.Debug|Any CPU.ActiveCfg = Debug|Any CPU
		{58194AC0-BD6D-460E-88A3-5C338670DB7B}.Debug|Any CPU.Build.0 = Debug|Any CPU
		{58194AC0-BD6D-460E-88A3-5C338670DB7B}.Release|Any CPU.ActiveCfg = Release|Any CPU
		{58194AC0-BD6D-460E-88A3-5C338670DB7B}.Release|Any CPU.Build.0 = Release|Any CPU
		{AC375AED-6A23-4D1F-81E0-E63940541E49}.Debug|Any CPU.ActiveCfg = Debug|Any CPU
		{AC375AED-6A23-4D1F-81E0-E63940541E49}.Debug|Any CPU.Build.0 = Debug|Any CPU
		{AC375AED-6A23-4D1F-81E0-E63940541E49}.Release|Any CPU.ActiveCfg = Release|Any CPU
		{AC375AED-6A23-4D1F-81E0-E63940541E49}.Release|Any CPU.Build.0 = Release|Any CPU
		{98A4619F-7012-42A9-896B-E6D9CB259D89}.Debug|Any CPU.ActiveCfg = Debug|Any CPU
		{98A4619F-7012-42A9-896B-E6D9CB259D89}.Debug|Any CPU.Build.0 = Debug|Any CPU
		{98A4619F-7012-42A9-896B-E6D9CB259D89}.Release|Any CPU.ActiveCfg = Release|Any CPU
		{98A4619F-7012-42A9-896B-E6D9CB259D89}.Release|Any CPU.Build.0 = Release|Any CPU
		{F244F59D-FF3D-48EA-A659-B37BC5FB5AA4}.Debug|Any CPU.ActiveCfg = Debug|Any CPU
		{F244F59D-FF3D-48EA-A659-B37BC5FB5AA4}.Debug|Any CPU.Build.0 = Debug|Any CPU
		{F244F59D-FF3D-48EA-A659-B37BC5FB5AA4}.Release|Any CPU.ActiveCfg = Release|Any CPU
		{F244F59D-FF3D-48EA-A659-B37BC5FB5AA4}.Release|Any CPU.Build.0 = Release|Any CPU
		{8A485E2E-65C1-45C9-BAC4-2296011A3F32}.Debug|Any CPU.ActiveCfg = Debug|Any CPU
		{8A485E2E-65C1-45C9-BAC4-2296011A3F32}.Debug|Any CPU.Build.0 = Debug|Any CPU
		{8A485E2E-65C1-45C9-BAC4-2296011A3F32}.Release|Any CPU.ActiveCfg = Release|Any CPU
		{8A485E2E-65C1-45C9-BAC4-2296011A3F32}.Release|Any CPU.Build.0 = Release|Any CPU
		{0E2EAF6F-0EBA-4A9F-A608-CF250BC4DE40}.Debug|Any CPU.ActiveCfg = Debug|Any CPU
		{0E2EAF6F-0EBA-4A9F-A608-CF250BC4DE40}.Debug|Any CPU.Build.0 = Debug|Any CPU
		{0E2EAF6F-0EBA-4A9F-A608-CF250BC4DE40}.Release|Any CPU.ActiveCfg = Release|Any CPU
		{0E2EAF6F-0EBA-4A9F-A608-CF250BC4DE40}.Release|Any CPU.Build.0 = Release|Any CPU
		{861AA670-767A-495B-A995-4510C6285EE4}.Debug|Any CPU.ActiveCfg = Debug|Any CPU
		{861AA670-767A-495B-A995-4510C6285EE4}.Debug|Any CPU.Build.0 = Debug|Any CPU
		{861AA670-767A-495B-A995-4510C6285EE4}.Release|Any CPU.ActiveCfg = Release|Any CPU
		{861AA670-767A-495B-A995-4510C6285EE4}.Release|Any CPU.Build.0 = Release|Any CPU
		{350DC920-1A71-46F9-B45D-BC2F78E34738}.Debug|Any CPU.ActiveCfg = Debug|Any CPU
		{350DC920-1A71-46F9-B45D-BC2F78E34738}.Debug|Any CPU.Build.0 = Debug|Any CPU
		{350DC920-1A71-46F9-B45D-BC2F78E34738}.Release|Any CPU.ActiveCfg = Release|Any CPU
		{350DC920-1A71-46F9-B45D-BC2F78E34738}.Release|Any CPU.Build.0 = Release|Any CPU
		{AF39671B-6992-4227-9CF0-96C16FD04892}.Debug|Any CPU.ActiveCfg = Debug|Any CPU
		{AF39671B-6992-4227-9CF0-96C16FD04892}.Debug|Any CPU.Build.0 = Debug|Any CPU
		{AF39671B-6992-4227-9CF0-96C16FD04892}.Release|Any CPU.ActiveCfg = Release|Any CPU
		{AF39671B-6992-4227-9CF0-96C16FD04892}.Release|Any CPU.Build.0 = Release|Any CPU
		{EDBCDBA3-91E4-4229-98FA-2C81B8B51E37}.Debug|Any CPU.ActiveCfg = Debug|Any CPU
		{EDBCDBA3-91E4-4229-98FA-2C81B8B51E37}.Debug|Any CPU.Build.0 = Debug|Any CPU
		{EDBCDBA3-91E4-4229-98FA-2C81B8B51E37}.Release|Any CPU.ActiveCfg = Release|Any CPU
		{EDBCDBA3-91E4-4229-98FA-2C81B8B51E37}.Release|Any CPU.Build.0 = Release|Any CPU
		{3B0839A5-53F3-48DF-8199-FAE14C8F408B}.Debug|Any CPU.ActiveCfg = Debug|Any CPU
		{3B0839A5-53F3-48DF-8199-FAE14C8F408B}.Debug|Any CPU.Build.0 = Debug|Any CPU
		{3B0839A5-53F3-48DF-8199-FAE14C8F408B}.Release|Any CPU.ActiveCfg = Release|Any CPU
		{3B0839A5-53F3-48DF-8199-FAE14C8F408B}.Release|Any CPU.Build.0 = Release|Any CPU
		{FE57B82D-4454-4847-B7D5-DC0CFD1F4AC5}.Debug|Any CPU.ActiveCfg = Debug|Any CPU
		{FE57B82D-4454-4847-B7D5-DC0CFD1F4AC5}.Debug|Any CPU.Build.0 = Debug|Any CPU
		{FE57B82D-4454-4847-B7D5-DC0CFD1F4AC5}.Release|Any CPU.ActiveCfg = Release|Any CPU
		{FE57B82D-4454-4847-B7D5-DC0CFD1F4AC5}.Release|Any CPU.Build.0 = Release|Any CPU
		{56F6465E-9A99-4C89-A959-6F66A59195C8}.Debug|Any CPU.ActiveCfg = Debug|Any CPU
		{56F6465E-9A99-4C89-A959-6F66A59195C8}.Debug|Any CPU.Build.0 = Debug|Any CPU
		{56F6465E-9A99-4C89-A959-6F66A59195C8}.Release|Any CPU.ActiveCfg = Release|Any CPU
		{56F6465E-9A99-4C89-A959-6F66A59195C8}.Release|Any CPU.Build.0 = Release|Any CPU
		{56F7801B-6477-4ADE-9FF2-4DD9CD49C107}.Debug|Any CPU.ActiveCfg = Debug|Any CPU
		{56F7801B-6477-4ADE-9FF2-4DD9CD49C107}.Debug|Any CPU.Build.0 = Debug|Any CPU
		{56F7801B-6477-4ADE-9FF2-4DD9CD49C107}.Release|Any CPU.ActiveCfg = Release|Any CPU
		{56F7801B-6477-4ADE-9FF2-4DD9CD49C107}.Release|Any CPU.Build.0 = Release|Any CPU
		{8303A34A-B66B-4C1C-8247-8B9C9F23B7DA}.Debug|Any CPU.ActiveCfg = Debug|Any CPU
		{8303A34A-B66B-4C1C-8247-8B9C9F23B7DA}.Debug|Any CPU.Build.0 = Debug|Any CPU
		{8303A34A-B66B-4C1C-8247-8B9C9F23B7DA}.Release|Any CPU.ActiveCfg = Release|Any CPU
		{8303A34A-B66B-4C1C-8247-8B9C9F23B7DA}.Release|Any CPU.Build.0 = Release|Any CPU
		{34EF80FD-F984-4BDD-A927-EE89FCF1B05B}.Debug|Any CPU.ActiveCfg = Debug|Any CPU
		{34EF80FD-F984-4BDD-A927-EE89FCF1B05B}.Debug|Any CPU.Build.0 = Debug|Any CPU
		{34EF80FD-F984-4BDD-A927-EE89FCF1B05B}.Release|Any CPU.ActiveCfg = Release|Any CPU
		{34EF80FD-F984-4BDD-A927-EE89FCF1B05B}.Release|Any CPU.Build.0 = Release|Any CPU
		{137228F8-9964-43A8-B8F7-66C529F9271F}.Debug|Any CPU.ActiveCfg = Debug|Any CPU
		{137228F8-9964-43A8-B8F7-66C529F9271F}.Debug|Any CPU.Build.0 = Debug|Any CPU
		{137228F8-9964-43A8-B8F7-66C529F9271F}.Release|Any CPU.ActiveCfg = Release|Any CPU
		{137228F8-9964-43A8-B8F7-66C529F9271F}.Release|Any CPU.Build.0 = Release|Any CPU
	EndGlobalSection
	GlobalSection(SolutionProperties) = preSolution
		HideSolutionNode = FALSE
	EndGlobalSection
	GlobalSection(ExtensibilityGlobals) = postSolution
		SolutionGuid = {4D36B592-13BA-4542-B319-B9325DBACD23}
	EndGlobalSection
EndGlobal
