
Microsoft Visual Studio Solution File, Format Version 12.00
# Visual Studio 15
VisualStudioVersion = 15.0.27703.2000
MinimumVisualStudioVersion = 10.0.40219.1
Project("{FAE04EC0-301F-11D3-BF4B-00C04F79EFBC}") = "LISTING1-1", "Listing1-1\LISTING1-1.csproj", "{0CD97ABD-94E4-4485-83F3-459BBC5D80FE}"
EndProject
Project("{FAE04EC0-301F-11D3-BF4B-00C04F79EFBC}") = "LISTING1-2", "Listing1-2\LISTING1-2.csproj", "{B47BE723-0F3C-4D7E-8576-906100BA6C14}"
EndProject
Project("{FAE04EC0-301F-11D3-BF4B-00C04F79EFBC}") = "LISTING1-3", "Listing1-3\LISTING1-3.csproj", "{5864CD36-DDC8-4427-AD42-DF59A1D98AAA}"
EndProject
Project("{FAE04EC0-301F-11D3-BF4B-00C04F79EFBC}") = "LISTING1-4", "LISTING1-4\LISTING1-4.csproj", "{84AF108D-0E76-4FB0-96B4-6E5D014B663C}"
EndProject
Project("{FAE04EC0-301F-11D3-BF4B-00C04F79EFBC}") = "LISTING1-5", "LISTING1-5\LISTING1-5.csproj", "{360C1B4C-EB0F-484C-9198-496F239DA371}"
EndProject
Project("{FAE04EC0-301F-11D3-BF4B-00C04F79EFBC}") = "LISTING1-6", "LISTING1-6\LISTING1-6.csproj", "{A99AC7F3-090D-46B3-BE4F-660553B99B18}"
EndProject
Project("{FAE04EC0-301F-11D3-BF4B-00C04F79EFBC}") = "LISTING1-7", "LISTING1-7\LISTING1-7.csproj", "{047B4AD7-477D-4D20-8335-9C5C26268F26}"
EndProject
Project("{FAE04EC0-301F-11D3-BF4B-00C04F79EFBC}") = "LISTING1-8", "LISTING1-8\LISTING1-8.csproj", "{8EF0369F-194D-4CEC-A65D-F6A0E3387067}"
EndProject
Project("{FAE04EC0-301F-11D3-BF4B-00C04F79EFBC}") = "LISTING1-9", "LISTING1-9\LISTING1-9.csproj", "{EBA0C9C3-13D5-4968-B0FC-A2CC3E3643B9}"
EndProject
Project("{FAE04EC0-301F-11D3-BF4B-00C04F79EFBC}") = "LISTING1-10", "LISTING1-10\LISTING1-10.csproj", "{2862761D-08F4-4F70-880C-787158B3BC79}"
EndProject
Project("{FAE04EC0-301F-11D3-BF4B-00C04F79EFBC}") = "LISTING1-11", "LISTING1-11\LISTING1-11.csproj", "{F4819D1C-F7E2-4F7C-A730-189D1FF2E898}"
EndProject
Project("{FAE04EC0-301F-11D3-BF4B-00C04F79EFBC}") = "LISTING1-12", "LISTING1-12\LISTING1-12.csproj", "{6F3F4026-BC85-4931-B85F-C90ED5565C4E}"
EndProject
Project("{FAE04EC0-301F-11D3-BF4B-00C04F79EFBC}") = "LISTING1-13", "LISTING1-13\LISTING1-13.csproj", "{391213F1-734B-4C76-96C1-DA93B4F5C2A6}"
EndProject
Project("{FAE04EC0-301F-11D3-BF4B-00C04F79EFBC}") = "LISTING1-14", "LISTING1-14\LISTING1-14.csproj", "{599E1E3E-4D69-479E-B894-40994F760B25}"
EndProject
Project("{FAE04EC0-301F-11D3-BF4B-00C04F79EFBC}") = "LISTING1-15", "LISTING1-15\LISTING1-15.csproj", "{C88980FB-A8BA-4D50-9B97-13F7B5907828}"
EndProject
Project("{FAE04EC0-301F-11D3-BF4B-00C04F79EFBC}") = "LISTING1-16", "LISTING1-16\LISTING1-16.csproj", "{3B73B92A-E979-4365-BBD5-32DFEE15902A}"
EndProject
Project("{FAE04EC0-301F-11D3-BF4B-00C04F79EFBC}") = "LISTING1-17", "LISTING1-17\LISTING1-17.csproj", "{D702C1F2-41BB-4E40-ACDE-17342D21E0DE}"
EndProject
Project("{FAE04EC0-301F-11D3-BF4B-00C04F79EFBC}") = "LISTING1-18", "LISTING1-18\LISTING1-18.csproj", "{0B7C8048-C8BB-424F-96B0-4EC61DE858D8}"
EndProject
Project("{FAE04EC0-301F-11D3-BF4B-00C04F79EFBC}") = "LISTING1-19", "LISTING1-19\LISTING1-19.csproj", "{C3273E2E-3E3E-4F82-AC91-8BFFA87B5136}"
EndProject
Project("{FAE04EC0-301F-11D3-BF4B-00C04F79EFBC}") = "LISTING1-20", "LISTING1-20\LISTING1-20.csproj", "{38B421CC-0EB6-45C0-9FBB-F9DD42F8DF11}"
EndProject
Project("{FAE04EC0-301F-11D3-BF4B-00C04F79EFBC}") = "LISTING1-21", "LISTING1-21\LISTING1-21.csproj", "{83AB1B39-B56A-401B-84E9-318D3C21B10E}"
EndProject
Project("{FAE04EC0-301F-11D3-BF4B-00C04F79EFBC}") = "LISTING1-22", "LISTING1-22\LISTING1-22.csproj", "{617D1A24-D278-4C68-BF59-C6B6F15A063C}"
EndProject
Project("{FAE04EC0-301F-11D3-BF4B-00C04F79EFBC}") = "LISTING1-23", "LISTING1-23\LISTING1-23.csproj", "{DAF68408-F20D-4C47-B577-D308225B8D69}"
EndProject
Project("{FAE04EC0-301F-11D3-BF4B-00C04F79EFBC}") = "LISTING1-24", "LISTING1-24\LISTING1-24.csproj", "{E64CC2D1-8905-4A84-A84D-44658F28D6D8}"
EndProject
Project("{FAE04EC0-301F-11D3-BF4B-00C04F79EFBC}") = "LISTING1-25", "LISTING1-25\LISTING1-25.csproj", "{26998980-C66D-4800-9FEC-A93BD41A2E33}"
EndProject
Project("{FAE04EC0-301F-11D3-BF4B-00C04F79EFBC}") = "LISTING1-26", "LISTING1-26\LISTING1-26.csproj", "{9B4EAA92-944B-4E47-AFAA-DDBB1A2FEA69}"
EndProject
Project("{FAE04EC0-301F-11D3-BF4B-00C04F79EFBC}") = "LISTING1-27", "LISTING1-27\LISTING1-27.csproj", "{20CC180F-7A86-4840-9C03-76AE7D5496C5}"
EndProject
Project("{FAE04EC0-301F-11D3-BF4B-00C04F79EFBC}") = "LISTING1-28", "LISTING1-28\LISTING1-28.csproj", "{EF8E966E-0DDB-46FC-94D3-8264FC6DD16F}"
EndProject
Project("{FAE04EC0-301F-11D3-BF4B-00C04F79EFBC}") = "LISTING1-29", "LISTING1-29\LISTING1-29.csproj", "{05BF4169-1576-41EA-8B38-85EFE48ACF37}"
EndProject
Project("{FAE04EC0-301F-11D3-BF4B-00C04F79EFBC}") = "LISTING1-30", "LISTING1-30\LISTING1-30.csproj", "{AAA083B4-1314-420D-A2B6-13B0864539F9}"
EndProject
Project("{FAE04EC0-301F-11D3-BF4B-00C04F79EFBC}") = "LISTING1-31", "LISTING1-31\LISTING1-31.csproj", "{98D95301-EB8C-4F16-9105-1E4CA093DD5F}"
EndProject
Project("{FAE04EC0-301F-11D3-BF4B-00C04F79EFBC}") = "LISTING1-32", "LISTING1-32\LISTING1-32.csproj", "{18D36494-CDDB-406C-8C0A-6DFAE71286CA}"
EndProject
Project("{FAE04EC0-301F-11D3-BF4B-00C04F79EFBC}") = "LISTING1-33", "LISTING1-33\LISTING1-33.csproj", "{E1CA092B-1A8E-4417-BE10-2FB9286D2931}"
EndProject
Project("{FAE04EC0-301F-11D3-BF4B-00C04F79EFBC}") = "LISTING1-34", "LISTING1-34\LISTING1-34.csproj", "{E4A8BC68-C6A5-4D5C-8D32-81C57F2D036C}"
EndProject
Global
	GlobalSection(SolutionConfigurationPlatforms) = preSolution
		Debug|Any CPU = Debug|Any CPU
		Release|Any CPU = Release|Any CPU
	EndGlobalSection
	GlobalSection(ProjectConfigurationPlatforms) = postSolution
		{0CD97ABD-94E4-4485-83F3-459BBC5D80FE}.Debug|Any CPU.ActiveCfg = Debug|Any CPU
		{0CD97ABD-94E4-4485-83F3-459BBC5D80FE}.Debug|Any CPU.Build.0 = Debug|Any CPU
		{0CD97ABD-94E4-4485-83F3-459BBC5D80FE}.Release|Any CPU.ActiveCfg = Release|Any CPU
		{0CD97ABD-94E4-4485-83F3-459BBC5D80FE}.Release|Any CPU.Build.0 = Release|Any CPU
		{B47BE723-0F3C-4D7E-8576-906100BA6C14}.Debug|Any CPU.ActiveCfg = Debug|Any CPU
		{B47BE723-0F3C-4D7E-8576-906100BA6C14}.Debug|Any CPU.Build.0 = Debug|Any CPU
		{B47BE723-0F3C-4D7E-8576-906100BA6C14}.Release|Any CPU.ActiveCfg = Release|Any CPU
		{B47BE723-0F3C-4D7E-8576-906100BA6C14}.Release|Any CPU.Build.0 = Release|Any CPU
		{5864CD36-DDC8-4427-AD42-DF59A1D98AAA}.Debug|Any CPU.ActiveCfg = Debug|Any CPU
		{5864CD36-DDC8-4427-AD42-DF59A1D98AAA}.Debug|Any CPU.Build.0 = Debug|Any CPU
		{5864CD36-DDC8-4427-AD42-DF59A1D98AAA}.Release|Any CPU.ActiveCfg = Release|Any CPU
		{5864CD36-DDC8-4427-AD42-DF59A1D98AAA}.Release|Any CPU.Build.0 = Release|Any CPU
		{84AF108D-0E76-4FB0-96B4-6E5D014B663C}.Debug|Any CPU.ActiveCfg = Debug|Any CPU
		{84AF108D-0E76-4FB0-96B4-6E5D014B663C}.Debug|Any CPU.Build.0 = Debug|Any CPU
		{84AF108D-0E76-4FB0-96B4-6E5D014B663C}.Release|Any CPU.ActiveCfg = Release|Any CPU
		{84AF108D-0E76-4FB0-96B4-6E5D014B663C}.Release|Any CPU.Build.0 = Release|Any CPU
		{360C1B4C-EB0F-484C-9198-496F239DA371}.Debug|Any CPU.ActiveCfg = Debug|Any CPU
		{360C1B4C-EB0F-484C-9198-496F239DA371}.Debug|Any CPU.Build.0 = Debug|Any CPU
		{360C1B4C-EB0F-484C-9198-496F239DA371}.Release|Any CPU.ActiveCfg = Release|Any CPU
		{360C1B4C-EB0F-484C-9198-496F239DA371}.Release|Any CPU.Build.0 = Release|Any CPU
		{A99AC7F3-090D-46B3-BE4F-660553B99B18}.Debug|Any CPU.ActiveCfg = Debug|Any CPU
		{A99AC7F3-090D-46B3-BE4F-660553B99B18}.Debug|Any CPU.Build.0 = Debug|Any CPU
		{A99AC7F3-090D-46B3-BE4F-660553B99B18}.Release|Any CPU.ActiveCfg = Release|Any CPU
		{A99AC7F3-090D-46B3-BE4F-660553B99B18}.Release|Any CPU.Build.0 = Release|Any CPU
		{047B4AD7-477D-4D20-8335-9C5C26268F26}.Debug|Any CPU.ActiveCfg = Debug|Any CPU
		{047B4AD7-477D-4D20-8335-9C5C26268F26}.Debug|Any CPU.Build.0 = Debug|Any CPU
		{047B4AD7-477D-4D20-8335-9C5C26268F26}.Release|Any CPU.ActiveCfg = Release|Any CPU
		{047B4AD7-477D-4D20-8335-9C5C26268F26}.Release|Any CPU.Build.0 = Release|Any CPU
		{8EF0369F-194D-4CEC-A65D-F6A0E3387067}.Debug|Any CPU.ActiveCfg = Debug|Any CPU
		{8EF0369F-194D-4CEC-A65D-F6A0E3387067}.Debug|Any CPU.Build.0 = Debug|Any CPU
		{8EF0369F-194D-4CEC-A65D-F6A0E3387067}.Release|Any CPU.ActiveCfg = Release|Any CPU
		{8EF0369F-194D-4CEC-A65D-F6A0E3387067}.Release|Any CPU.Build.0 = Release|Any CPU
		{EBA0C9C3-13D5-4968-B0FC-A2CC3E3643B9}.Debug|Any CPU.ActiveCfg = Debug|Any CPU
		{EBA0C9C3-13D5-4968-B0FC-A2CC3E3643B9}.Debug|Any CPU.Build.0 = Debug|Any CPU
		{EBA0C9C3-13D5-4968-B0FC-A2CC3E3643B9}.Release|Any CPU.ActiveCfg = Release|Any CPU
		{EBA0C9C3-13D5-4968-B0FC-A2CC3E3643B9}.Release|Any CPU.Build.0 = Release|Any CPU
		{2862761D-08F4-4F70-880C-787158B3BC79}.Debug|Any CPU.ActiveCfg = Debug|Any CPU
		{2862761D-08F4-4F70-880C-787158B3BC79}.Debug|Any CPU.Build.0 = Debug|Any CPU
		{2862761D-08F4-4F70-880C-787158B3BC79}.Release|Any CPU.ActiveCfg = Release|Any CPU
		{2862761D-08F4-4F70-880C-787158B3BC79}.Release|Any CPU.Build.0 = Release|Any CPU
		{F4819D1C-F7E2-4F7C-A730-189D1FF2E898}.Debug|Any CPU.ActiveCfg = Debug|Any CPU
		{F4819D1C-F7E2-4F7C-A730-189D1FF2E898}.Debug|Any CPU.Build.0 = Debug|Any CPU
		{F4819D1C-F7E2-4F7C-A730-189D1FF2E898}.Release|Any CPU.ActiveCfg = Release|Any CPU
		{F4819D1C-F7E2-4F7C-A730-189D1FF2E898}.Release|Any CPU.Build.0 = Release|Any CPU
		{6F3F4026-BC85-4931-B85F-C90ED5565C4E}.Debug|Any CPU.ActiveCfg = Debug|Any CPU
		{6F3F4026-BC85-4931-B85F-C90ED5565C4E}.Debug|Any CPU.Build.0 = Debug|Any CPU
		{6F3F4026-BC85-4931-B85F-C90ED5565C4E}.Release|Any CPU.ActiveCfg = Release|Any CPU
		{6F3F4026-BC85-4931-B85F-C90ED5565C4E}.Release|Any CPU.Build.0 = Release|Any CPU
		{391213F1-734B-4C76-96C1-DA93B4F5C2A6}.Debug|Any CPU.ActiveCfg = Debug|Any CPU
		{391213F1-734B-4C76-96C1-DA93B4F5C2A6}.Debug|Any CPU.Build.0 = Debug|Any CPU
		{391213F1-734B-4C76-96C1-DA93B4F5C2A6}.Release|Any CPU.ActiveCfg = Release|Any CPU
		{391213F1-734B-4C76-96C1-DA93B4F5C2A6}.Release|Any CPU.Build.0 = Release|Any CPU
		{599E1E3E-4D69-479E-B894-40994F760B25}.Debug|Any CPU.ActiveCfg = Debug|Any CPU
		{599E1E3E-4D69-479E-B894-40994F760B25}.Debug|Any CPU.Build.0 = Debug|Any CPU
		{599E1E3E-4D69-479E-B894-40994F760B25}.Release|Any CPU.ActiveCfg = Release|Any CPU
		{599E1E3E-4D69-479E-B894-40994F760B25}.Release|Any CPU.Build.0 = Release|Any CPU
		{C88980FB-A8BA-4D50-9B97-13F7B5907828}.Debug|Any CPU.ActiveCfg = Debug|Any CPU
		{C88980FB-A8BA-4D50-9B97-13F7B5907828}.Debug|Any CPU.Build.0 = Debug|Any CPU
		{C88980FB-A8BA-4D50-9B97-13F7B5907828}.Release|Any CPU.ActiveCfg = Release|Any CPU
		{C88980FB-A8BA-4D50-9B97-13F7B5907828}.Release|Any CPU.Build.0 = Release|Any CPU
		{3B73B92A-E979-4365-BBD5-32DFEE15902A}.Debug|Any CPU.ActiveCfg = Debug|Any CPU
		{3B73B92A-E979-4365-BBD5-32DFEE15902A}.Debug|Any CPU.Build.0 = Debug|Any CPU
		{3B73B92A-E979-4365-BBD5-32DFEE15902A}.Release|Any CPU.ActiveCfg = Release|Any CPU
		{3B73B92A-E979-4365-BBD5-32DFEE15902A}.Release|Any CPU.Build.0 = Release|Any CPU
		{D702C1F2-41BB-4E40-ACDE-17342D21E0DE}.Debug|Any CPU.ActiveCfg = Debug|Any CPU
		{D702C1F2-41BB-4E40-ACDE-17342D21E0DE}.Debug|Any CPU.Build.0 = Debug|Any CPU
		{D702C1F2-41BB-4E40-ACDE-17342D21E0DE}.Release|Any CPU.ActiveCfg = Release|Any CPU
		{D702C1F2-41BB-4E40-ACDE-17342D21E0DE}.Release|Any CPU.Build.0 = Release|Any CPU
		{0B7C8048-C8BB-424F-96B0-4EC61DE858D8}.Debug|Any CPU.ActiveCfg = Debug|Any CPU
		{0B7C8048-C8BB-424F-96B0-4EC61DE858D8}.Debug|Any CPU.Build.0 = Debug|Any CPU
		{0B7C8048-C8BB-424F-96B0-4EC61DE858D8}.Release|Any CPU.ActiveCfg = Release|Any CPU
		{0B7C8048-C8BB-424F-96B0-4EC61DE858D8}.Release|Any CPU.Build.0 = Release|Any CPU
		{C3273E2E-3E3E-4F82-AC91-8BFFA87B5136}.Debug|Any CPU.ActiveCfg = Debug|Any CPU
		{C3273E2E-3E3E-4F82-AC91-8BFFA87B5136}.Debug|Any CPU.Build.0 = Debug|Any CPU
		{C3273E2E-3E3E-4F82-AC91-8BFFA87B5136}.Release|Any CPU.ActiveCfg = Release|Any CPU
		{C3273E2E-3E3E-4F82-AC91-8BFFA87B5136}.Release|Any CPU.Build.0 = Release|Any CPU
		{38B421CC-0EB6-45C0-9FBB-F9DD42F8DF11}.Debug|Any CPU.ActiveCfg = Debug|Any CPU
		{38B421CC-0EB6-45C0-9FBB-F9DD42F8DF11}.Debug|Any CPU.Build.0 = Debug|Any CPU
		{38B421CC-0EB6-45C0-9FBB-F9DD42F8DF11}.Release|Any CPU.ActiveCfg = Release|Any CPU
		{38B421CC-0EB6-45C0-9FBB-F9DD42F8DF11}.Release|Any CPU.Build.0 = Release|Any CPU
		{83AB1B39-B56A-401B-84E9-318D3C21B10E}.Debug|Any CPU.ActiveCfg = Debug|Any CPU
		{83AB1B39-B56A-401B-84E9-318D3C21B10E}.Debug|Any CPU.Build.0 = Debug|Any CPU
		{83AB1B39-B56A-401B-84E9-318D3C21B10E}.Release|Any CPU.ActiveCfg = Release|Any CPU
		{83AB1B39-B56A-401B-84E9-318D3C21B10E}.Release|Any CPU.Build.0 = Release|Any CPU
		{617D1A24-D278-4C68-BF59-C6B6F15A063C}.Debug|Any CPU.ActiveCfg = Debug|Any CPU
		{617D1A24-D278-4C68-BF59-C6B6F15A063C}.Debug|Any CPU.Build.0 = Debug|Any CPU
		{617D1A24-D278-4C68-BF59-C6B6F15A063C}.Release|Any CPU.ActiveCfg = Release|Any CPU
		{617D1A24-D278-4C68-BF59-C6B6F15A063C}.Release|Any CPU.Build.0 = Release|Any CPU
		{DAF68408-F20D-4C47-B577-D308225B8D69}.Debug|Any CPU.ActiveCfg = Debug|Any CPU
		{DAF68408-F20D-4C47-B577-D308225B8D69}.Debug|Any CPU.Build.0 = Debug|Any CPU
		{DAF68408-F20D-4C47-B577-D308225B8D69}.Release|Any CPU.ActiveCfg = Release|Any CPU
		{DAF68408-F20D-4C47-B577-D308225B8D69}.Release|Any CPU.Build.0 = Release|Any CPU
		{E64CC2D1-8905-4A84-A84D-44658F28D6D8}.Debug|Any CPU.ActiveCfg = Debug|Any CPU
		{E64CC2D1-8905-4A84-A84D-44658F28D6D8}.Debug|Any CPU.Build.0 = Debug|Any CPU
		{E64CC2D1-8905-4A84-A84D-44658F28D6D8}.Release|Any CPU.ActiveCfg = Release|Any CPU
		{E64CC2D1-8905-4A84-A84D-44658F28D6D8}.Release|Any CPU.Build.0 = Release|Any CPU
		{26998980-C66D-4800-9FEC-A93BD41A2E33}.Debug|Any CPU.ActiveCfg = Debug|Any CPU
		{26998980-C66D-4800-9FEC-A93BD41A2E33}.Debug|Any CPU.Build.0 = Debug|Any CPU
		{26998980-C66D-4800-9FEC-A93BD41A2E33}.Release|Any CPU.ActiveCfg = Release|Any CPU
		{26998980-C66D-4800-9FEC-A93BD41A2E33}.Release|Any CPU.Build.0 = Release|Any CPU
		{9B4EAA92-944B-4E47-AFAA-DDBB1A2FEA69}.Debug|Any CPU.ActiveCfg = Debug|Any CPU
		{9B4EAA92-944B-4E47-AFAA-DDBB1A2FEA69}.Debug|Any CPU.Build.0 = Debug|Any CPU
		{9B4EAA92-944B-4E47-AFAA-DDBB1A2FEA69}.Release|Any CPU.ActiveCfg = Release|Any CPU
		{9B4EAA92-944B-4E47-AFAA-DDBB1A2FEA69}.Release|Any CPU.Build.0 = Release|Any CPU
		{20CC180F-7A86-4840-9C03-76AE7D5496C5}.Debug|Any CPU.ActiveCfg = Debug|Any CPU
		{20CC180F-7A86-4840-9C03-76AE7D5496C5}.Debug|Any CPU.Build.0 = Debug|Any CPU
		{20CC180F-7A86-4840-9C03-76AE7D5496C5}.Release|Any CPU.ActiveCfg = Release|Any CPU
		{20CC180F-7A86-4840-9C03-76AE7D5496C5}.Release|Any CPU.Build.0 = Release|Any CPU
		{EF8E966E-0DDB-46FC-94D3-8264FC6DD16F}.Debug|Any CPU.ActiveCfg = Debug|Any CPU
		{EF8E966E-0DDB-46FC-94D3-8264FC6DD16F}.Debug|Any CPU.Build.0 = Debug|Any CPU
		{EF8E966E-0DDB-46FC-94D3-8264FC6DD16F}.Release|Any CPU.ActiveCfg = Release|Any CPU
		{EF8E966E-0DDB-46FC-94D3-8264FC6DD16F}.Release|Any CPU.Build.0 = Release|Any CPU
		{05BF4169-1576-41EA-8B38-85EFE48ACF37}.Debug|Any CPU.ActiveCfg = Debug|Any CPU
		{05BF4169-1576-41EA-8B38-85EFE48ACF37}.Debug|Any CPU.Build.0 = Debug|Any CPU
		{05BF4169-1576-41EA-8B38-85EFE48ACF37}.Release|Any CPU.ActiveCfg = Release|Any CPU
		{05BF4169-1576-41EA-8B38-85EFE48ACF37}.Release|Any CPU.Build.0 = Release|Any CPU
		{AAA083B4-1314-420D-A2B6-13B0864539F9}.Debug|Any CPU.ActiveCfg = Debug|Any CPU
		{AAA083B4-1314-420D-A2B6-13B0864539F9}.Debug|Any CPU.Build.0 = Debug|Any CPU
		{AAA083B4-1314-420D-A2B6-13B0864539F9}.Release|Any CPU.ActiveCfg = Release|Any CPU
		{AAA083B4-1314-420D-A2B6-13B0864539F9}.Release|Any CPU.Build.0 = Release|Any CPU
		{98D95301-EB8C-4F16-9105-1E4CA093DD5F}.Debug|Any CPU.ActiveCfg = Debug|Any CPU
		{98D95301-EB8C-4F16-9105-1E4CA093DD5F}.Debug|Any CPU.Build.0 = Debug|Any CPU
		{98D95301-EB8C-4F16-9105-1E4CA093DD5F}.Release|Any CPU.ActiveCfg = Release|Any CPU
		{98D95301-EB8C-4F16-9105-1E4CA093DD5F}.Release|Any CPU.Build.0 = Release|Any CPU
		{18D36494-CDDB-406C-8C0A-6DFAE71286CA}.Debug|Any CPU.ActiveCfg = Debug|Any CPU
		{18D36494-CDDB-406C-8C0A-6DFAE71286CA}.Debug|Any CPU.Build.0 = Debug|Any CPU
		{18D36494-CDDB-406C-8C0A-6DFAE71286CA}.Release|Any CPU.ActiveCfg = Release|Any CPU
		{18D36494-CDDB-406C-8C0A-6DFAE71286CA}.Release|Any CPU.Build.0 = Release|Any CPU
		{E1CA092B-1A8E-4417-BE10-2FB9286D2931}.Debug|Any CPU.ActiveCfg = Debug|Any CPU
		{E1CA092B-1A8E-4417-BE10-2FB9286D2931}.Debug|Any CPU.Build.0 = Debug|Any CPU
		{E1CA092B-1A8E-4417-BE10-2FB9286D2931}.Release|Any CPU.ActiveCfg = Release|Any CPU
		{E1CA092B-1A8E-4417-BE10-2FB9286D2931}.Release|Any CPU.Build.0 = Release|Any CPU
		{E4A8BC68-C6A5-4D5C-8D32-81C57F2D036C}.Debug|Any CPU.ActiveCfg = Debug|Any CPU
		{E4A8BC68-C6A5-4D5C-8D32-81C57F2D036C}.Debug|Any CPU.Build.0 = Debug|Any CPU
		{E4A8BC68-C6A5-4D5C-8D32-81C57F2D036C}.Release|Any CPU.ActiveCfg = Release|Any CPU
		{E4A8BC68-C6A5-4D5C-8D32-81C57F2D036C}.Release|Any CPU.Build.0 = Release|Any CPU
	EndGlobalSection
	GlobalSection(SolutionProperties) = preSolution
		HideSolutionNode = FALSE
	EndGlobalSection
	GlobalSection(ExtensibilityGlobals) = postSolution
		SolutionGuid = {1C708D8C-C0DA-46F2-A9F3-031A6282E279}
	EndGlobalSection
EndGlobal
