
Microsoft Visual Studio Solution File, Format Version 12.00
# Visual Studio 15
VisualStudioVersion = 15.0.27703.2000
MinimumVisualStudioVersion = 10.0.40219.1
Project("{FAE04EC0-301F-11D3-BF4B-00C04F79EFBC}") = "LISTING2-41", "LISTING2-41\LISTING2-41.csproj", "{CC65E128-EA39-42F9-B161-C20D02FB5046}"
EndProject
Project("{FAE04EC0-301F-11D3-BF4B-00C04F79EFBC}") = "LISTING2-42", "LISTING2-42\LISTING2-42.csproj", "{6F45C528-100A-47A7-B158-3C43E0E79BE9}"
EndProject
Project("{FAE04EC0-301F-11D3-BF4B-00C04F79EFBC}") = "LISTING2-43", "LISTING2-43\LISTING2-43.csproj", "{66493482-5E32-4FC5-B256-8E587CAB89AF}"
EndProject
Project("{FAE04EC0-301F-11D3-BF4B-00C04F79EFBC}") = "LISTING2-44", "LISTING2-44\LISTING2-44.csproj", "{2F3A32ED-5E1D-4231-BBCF-DE61B75CBD41}"
EndProject
Project("{FAE04EC0-301F-11D3-BF4B-00C04F79EFBC}") = "LISTING2-45", "LISTING2-45\LISTING2-45.csproj", "{311C17A0-11B1-4A39-B65E-C2001AA9ED04}"
EndProject
Project("{FAE04EC0-301F-11D3-BF4B-00C04F79EFBC}") = "LISTING2-46", "LISTING2-46\LISTING2-46.csproj", "{74365071-B902-4969-8683-0955003F031E}"
EndProject
Project("{FAE04EC0-301F-11D3-BF4B-00C04F79EFBC}") = "LISTING2-47", "LISTING2-47\LISTING2-47.csproj", "{C71482AC-4B7A-4822-BC54-F095B700300E}"
EndProject
Project("{FAE04EC0-301F-11D3-BF4B-00C04F79EFBC}") = "LISTING2-48", "LISTING2-48\LISTING2-48.csproj", "{55023638-28C9-455E-8096-18CCC822326B}"
EndProject
Project("{FAE04EC0-301F-11D3-BF4B-00C04F79EFBC}") = "LISTING2-49", "LISTING2-49\LISTING2-49.csproj", "{CA691CD5-CAF6-4F79-90B8-24F9C313D95C}"
EndProject
Project("{FAE04EC0-301F-11D3-BF4B-00C04F79EFBC}") = "LISTING2-50", "LISTING2-50\LISTING2-50.csproj", "{B569B3E1-CEC4-4E0B-8882-22BF698841E8}"
EndProject
Project("{FAE04EC0-301F-11D3-BF4B-00C04F79EFBC}") = "LISTING2-51", "LISTING2-51\LISTING2-51.csproj", "{DD15530E-D5DA-41F6-B98A-64009283A635}"
EndProject
Project("{FAE04EC0-301F-11D3-BF4B-00C04F79EFBC}") = "LISTING2-52", "LISTING2-52\LISTING2-52.csproj", "{09BBCD7D-7618-4D20-9645-1B0640628943}"
EndProject
Project("{FAE04EC0-301F-11D3-BF4B-00C04F79EFBC}") = "LISTING2-53", "LISTING2-53\LISTING2-53.csproj", "{79CFD667-AE92-402C-ADEE-AC89CCE27B0D}"
EndProject
Project("{FAE04EC0-301F-11D3-BF4B-00C04F79EFBC}") = "LISTING2-54", "LISTING2-54\LISTING2-54.csproj", "{E0AAD77E-75FE-446C-9681-687D213FBA7C}"
EndProject
Project("{FAE04EC0-301F-11D3-BF4B-00C04F79EFBC}") = "LISTING2-55", "LISTING2-55\LISTING2-55.csproj", "{5B48CD57-1DA7-4E7E-8E37-79B1907F918C}"
EndProject
Project("{FAE04EC0-301F-11D3-BF4B-00C04F79EFBC}") = "LISTING2-56", "LISTING2-56\LISTING2-56.csproj", "{A654A6C4-2663-42BB-8EB9-511D47AF94D7}"
EndProject
Project("{FAE04EC0-301F-11D3-BF4B-00C04F79EFBC}") = "LISTING2-57", "LISTING2-57\LISTING2-57.csproj", "{DFCB69F3-E5DD-40CA-B4B1-1E13579B93F4}"
EndProject
Global
	GlobalSection(SolutionConfigurationPlatforms) = preSolution
		Debug|Any CPU = Debug|Any CPU
		Release|Any CPU = Release|Any CPU
	EndGlobalSection
	GlobalSection(ProjectConfigurationPlatforms) = postSolution
		{CC65E128-EA39-42F9-B161-C20D02FB5046}.Debug|Any CPU.ActiveCfg = Debug|Any CPU
		{CC65E128-EA39-42F9-B161-C20D02FB5046}.Debug|Any CPU.Build.0 = Debug|Any CPU
		{CC65E128-EA39-42F9-B161-C20D02FB5046}.Release|Any CPU.ActiveCfg = Release|Any CPU
		{CC65E128-EA39-42F9-B161-C20D02FB5046}.Release|Any CPU.Build.0 = Release|Any CPU
		{6F45C528-100A-47A7-B158-3C43E0E79BE9}.Debug|Any CPU.ActiveCfg = Debug|Any CPU
		{6F45C528-100A-47A7-B158-3C43E0E79BE9}.Debug|Any CPU.Build.0 = Debug|Any CPU
		{6F45C528-100A-47A7-B158-3C43E0E79BE9}.Release|Any CPU.ActiveCfg = Release|Any CPU
		{6F45C528-100A-47A7-B158-3C43E0E79BE9}.Release|Any CPU.Build.0 = Release|Any CPU
		{66493482-5E32-4FC5-B256-8E587CAB89AF}.Debug|Any CPU.ActiveCfg = Debug|Any CPU
		{66493482-5E32-4FC5-B256-8E587CAB89AF}.Debug|Any CPU.Build.0 = Debug|Any CPU
		{66493482-5E32-4FC5-B256-8E587CAB89AF}.Release|Any CPU.ActiveCfg = Release|Any CPU
		{66493482-5E32-4FC5-B256-8E587CAB89AF}.Release|Any CPU.Build.0 = Release|Any CPU
		{2F3A32ED-5E1D-4231-BBCF-DE61B75CBD41}.Debug|Any CPU.ActiveCfg = Debug|Any CPU
		{2F3A32ED-5E1D-4231-BBCF-DE61B75CBD41}.Debug|Any CPU.Build.0 = Debug|Any CPU
		{2F3A32ED-5E1D-4231-BBCF-DE61B75CBD41}.Release|Any CPU.ActiveCfg = Release|Any CPU
		{2F3A32ED-5E1D-4231-BBCF-DE61B75CBD41}.Release|Any CPU.Build.0 = Release|Any CPU
		{311C17A0-11B1-4A39-B65E-C2001AA9ED04}.Debug|Any CPU.ActiveCfg = Debug|Any CPU
		{311C17A0-11B1-4A39-B65E-C2001AA9ED04}.Debug|Any CPU.Build.0 = Debug|Any CPU
		{311C17A0-11B1-4A39-B65E-C2001AA9ED04}.Release|Any CPU.ActiveCfg = Release|Any CPU
		{311C17A0-11B1-4A39-B65E-C2001AA9ED04}.Release|Any CPU.Build.0 = Release|Any CPU
		{74365071-B902-4969-8683-0955003F031E}.Debug|Any CPU.ActiveCfg = Debug|Any CPU
		{74365071-B902-4969-8683-0955003F031E}.Debug|Any CPU.Build.0 = Debug|Any CPU
		{74365071-B902-4969-8683-0955003F031E}.Release|Any CPU.ActiveCfg = Release|Any CPU
		{74365071-B902-4969-8683-0955003F031E}.Release|Any CPU.Build.0 = Release|Any CPU
		{C71482AC-4B7A-4822-BC54-F095B700300E}.Debug|Any CPU.ActiveCfg = Debug|Any CPU
		{C71482AC-4B7A-4822-BC54-F095B700300E}.Debug|Any CPU.Build.0 = Debug|Any CPU
		{C71482AC-4B7A-4822-BC54-F095B700300E}.Release|Any CPU.ActiveCfg = Release|Any CPU
		{C71482AC-4B7A-4822-BC54-F095B700300E}.Release|Any CPU.Build.0 = Release|Any CPU
		{55023638-28C9-455E-8096-18CCC822326B}.Debug|Any CPU.ActiveCfg = Debug|Any CPU
		{55023638-28C9-455E-8096-18CCC822326B}.Debug|Any CPU.Build.0 = Debug|Any CPU
		{55023638-28C9-455E-8096-18CCC822326B}.Release|Any CPU.ActiveCfg = Release|Any CPU
		{55023638-28C9-455E-8096-18CCC822326B}.Release|Any CPU.Build.0 = Release|Any CPU
		{CA691CD5-CAF6-4F79-90B8-24F9C313D95C}.Debug|Any CPU.ActiveCfg = Debug|Any CPU
		{CA691CD5-CAF6-4F79-90B8-24F9C313D95C}.Debug|Any CPU.Build.0 = Debug|Any CPU
		{CA691CD5-CAF6-4F79-90B8-24F9C313D95C}.Release|Any CPU.ActiveCfg = Release|Any CPU
		{CA691CD5-CAF6-4F79-90B8-24F9C313D95C}.Release|Any CPU.Build.0 = Release|Any CPU
		{B569B3E1-CEC4-4E0B-8882-22BF698841E8}.Debug|Any CPU.ActiveCfg = Debug|Any CPU
		{B569B3E1-CEC4-4E0B-8882-22BF698841E8}.Debug|Any CPU.Build.0 = Debug|Any CPU
		{B569B3E1-CEC4-4E0B-8882-22BF698841E8}.Release|Any CPU.ActiveCfg = Release|Any CPU
		{B569B3E1-CEC4-4E0B-8882-22BF698841E8}.Release|Any CPU.Build.0 = Release|Any CPU
		{DD15530E-D5DA-41F6-B98A-64009283A635}.Debug|Any CPU.ActiveCfg = Debug|Any CPU
		{DD15530E-D5DA-41F6-B98A-64009283A635}.Debug|Any CPU.Build.0 = Debug|Any CPU
		{DD15530E-D5DA-41F6-B98A-64009283A635}.Release|Any CPU.ActiveCfg = Release|Any CPU
		{DD15530E-D5DA-41F6-B98A-64009283A635}.Release|Any CPU.Build.0 = Release|Any CPU
		{09BBCD7D-7618-4D20-9645-1B0640628943}.Debug|Any CPU.ActiveCfg = Debug|Any CPU
		{09BBCD7D-7618-4D20-9645-1B0640628943}.Debug|Any CPU.Build.0 = Debug|Any CPU
		{09BBCD7D-7618-4D20-9645-1B0640628943}.Release|Any CPU.ActiveCfg = Release|Any CPU
		{09BBCD7D-7618-4D20-9645-1B0640628943}.Release|Any CPU.Build.0 = Release|Any CPU
		{79CFD667-AE92-402C-ADEE-AC89CCE27B0D}.Debug|Any CPU.ActiveCfg = Debug|Any CPU
		{79CFD667-AE92-402C-ADEE-AC89CCE27B0D}.Debug|Any CPU.Build.0 = Debug|Any CPU
		{79CFD667-AE92-402C-ADEE-AC89CCE27B0D}.Release|Any CPU.ActiveCfg = Release|Any CPU
		{79CFD667-AE92-402C-ADEE-AC89CCE27B0D}.Release|Any CPU.Build.0 = Release|Any CPU
		{E0AAD77E-75FE-446C-9681-687D213FBA7C}.Debug|Any CPU.ActiveCfg = Debug|Any CPU
		{E0AAD77E-75FE-446C-9681-687D213FBA7C}.Debug|Any CPU.Build.0 = Debug|Any CPU
		{E0AAD77E-75FE-446C-9681-687D213FBA7C}.Release|Any CPU.ActiveCfg = Release|Any CPU
		{E0AAD77E-75FE-446C-9681-687D213FBA7C}.Release|Any CPU.Build.0 = Release|Any CPU
		{5B48CD57-1DA7-4E7E-8E37-79B1907F918C}.Debug|Any CPU.ActiveCfg = Debug|Any CPU
		{5B48CD57-1DA7-4E7E-8E37-79B1907F918C}.Debug|Any CPU.Build.0 = Debug|Any CPU
		{5B48CD57-1DA7-4E7E-8E37-79B1907F918C}.Release|Any CPU.ActiveCfg = Release|Any CPU
		{5B48CD57-1DA7-4E7E-8E37-79B1907F918C}.Release|Any CPU.Build.0 = Release|Any CPU
		{A654A6C4-2663-42BB-8EB9-511D47AF94D7}.Debug|Any CPU.ActiveCfg = Debug|Any CPU
		{A654A6C4-2663-42BB-8EB9-511D47AF94D7}.Debug|Any CPU.Build.0 = Debug|Any CPU
		{A654A6C4-2663-42BB-8EB9-511D47AF94D7}.Release|Any CPU.ActiveCfg = Release|Any CPU
		{A654A6C4-2663-42BB-8EB9-511D47AF94D7}.Release|Any CPU.Build.0 = Release|Any CPU
		{DFCB69F3-E5DD-40CA-B4B1-1E13579B93F4}.Debug|Any CPU.ActiveCfg = Debug|Any CPU
		{DFCB69F3-E5DD-40CA-B4B1-1E13579B93F4}.Debug|Any CPU.Build.0 = Debug|Any CPU
		{DFCB69F3-E5DD-40CA-B4B1-1E13579B93F4}.Release|Any CPU.ActiveCfg = Release|Any CPU
		{DFCB69F3-E5DD-40CA-B4B1-1E13579B93F4}.Release|Any CPU.Build.0 = Release|Any CPU
	EndGlobalSection
	GlobalSection(SolutionProperties) = preSolution
		HideSolutionNode = FALSE
	EndGlobalSection
	GlobalSection(ExtensibilityGlobals) = postSolution
		SolutionGuid = {4FD7DB30-D30C-4B56-8D09-971E9D99472A}
	EndGlobalSection
EndGlobal
