
Microsoft Visual Studio Solution File, Format Version 12.00
# Visual Studio 15
VisualStudioVersion = 15.0.27703.2000
MinimumVisualStudioVersion = 10.0.40219.1
Project("{FAE04EC0-301F-11D3-BF4B-00C04F79EFBC}") = "LISTING2-58", "LISTING2-58\LISTING2-58.csproj", "{EE369ACD-3204-4920-BE9B-ABC3386BDFD7}"
EndProject
Project("{FAE04EC0-301F-11D3-BF4B-00C04F79EFBC}") = "LISTING2-59", "LISTING2-59\LISTING2-59.csproj", "{6DF3BB32-7F48-4476-B4DE-B7CA40E13E9E}"
EndProject
Project("{FAE04EC0-301F-11D3-BF4B-00C04F79EFBC}") = "LISTING2-60", "LISTING2-60\LISTING2-60.csproj", "{C42A2637-7FA4-4152-AA92-FAACC8E1CB14}"
EndProject
Project("{FAE04EC0-301F-11D3-BF4B-00C04F79EFBC}") = "LISTING2-61", "LISTING2-61\LISTING2-61.csproj", "{AFDDCF6D-44D9-4DFD-A415-22045836D669}"
EndProject
Project("{FAE04EC0-301F-11D3-BF4B-00C04F79EFBC}") = "LISTING2-62", "LISTING2-62\LISTING2-62.csproj", "{50E8005C-A03D-450F-BC9E-10955032AA10}"
EndProject
Project("{FAE04EC0-301F-11D3-BF4B-00C04F79EFBC}") = "LISTING2-63", "LISTING2-63\LISTING2-63.csproj", "{38A803A8-E87A-4D92-8918-C19317FAE060}"
EndProject
Project("{FAE04EC0-301F-11D3-BF4B-00C04F79EFBC}") = "LISTING2-64", "LISTING2-64\LISTING2-64.csproj", "{4FB8FF36-0875-4794-8207-2C33768BB4E4}"
EndProject
Project("{FAE04EC0-301F-11D3-BF4B-00C04F79EFBC}") = "LISTING2-65", "LISTING2-65\LISTING2-65.csproj", "{6D31A2AE-9018-4EC1-BDEE-4A98FF5E4C61}"
EndProject
Project("{FAE04EC0-301F-11D3-BF4B-00C04F79EFBC}") = "LISTING2-66", "LISTING2-66\LISTING2-66.csproj", "{39039C24-54DC-4D96-9EBE-9611919C0E21}"
EndProject
Project("{FAE04EC0-301F-11D3-BF4B-00C04F79EFBC}") = "LISTING2-67", "LISTING2-67\LISTING2-67.csproj", "{2281C527-263A-4E56-9EF4-22E270B6FF8D}"
EndProject
Project("{FAE04EC0-301F-11D3-BF4B-00C04F79EFBC}") = "LISTING2-68", "LISTING2-68\LISTING2-68.csproj", "{78F12E13-3325-47C7-8F3C-AF72114C4D80}"
EndProject
Project("{FAE04EC0-301F-11D3-BF4B-00C04F79EFBC}") = "LISTING2-69", "LISTING2-69\LISTING2-69.csproj", "{3BEDB1D6-DB4D-403E-A98B-B6D173D8C996}"
EndProject
Project("{FAE04EC0-301F-11D3-BF4B-00C04F79EFBC}") = "LISTING2-70", "LISTING2-70\LISTING2-70.csproj", "{2A190315-F5B9-49E2-BB14-4A04A06F6F9A}"
EndProject
Project("{FAE04EC0-301F-11D3-BF4B-00C04F79EFBC}") = "LISTING2-71", "LISTING2-71\LISTING2-71.csproj", "{70E63DBF-4D36-4B65-9BDF-1F32B091FD33}"
EndProject
Project("{FAE04EC0-301F-11D3-BF4B-00C04F79EFBC}") = "LISTING2-72", "LISTING2-72\LISTING2-72.csproj", "{82949295-5A5E-4435-B97C-9C7901F28F2D}"
EndProject
Project("{FAE04EC0-301F-11D3-BF4B-00C04F79EFBC}") = "LISTING2-73", "LISTING2-73\LISTING2-73.csproj", "{930F0769-23FF-49D9-ACE7-B90FD6E27880}"
EndProject
Project("{FAE04EC0-301F-11D3-BF4B-00C04F79EFBC}") = "LISTING2-74", "LISTING2-74\LISTING2-74.csproj", "{2FF55F91-5006-490C-8BE1-C47ABA72BC90}"
EndProject
Project("{FAE04EC0-301F-11D3-BF4B-00C04F79EFBC}") = "LISTING2-75", "LISTING2-75\LISTING2-75.csproj", "{463CCB6E-7E84-44A6-BDA2-46AAD9D9EA4D}"
EndProject
Project("{FAE04EC0-301F-11D3-BF4B-00C04F79EFBC}") = "LISTING2-76", "LISTING2-76\LISTING2-76.csproj", "{6111E08C-9433-4510-916F-CA87182A1C91}"
EndProject
Project("{FAE04EC0-301F-11D3-BF4B-00C04F79EFBC}") = "LISTING2-77", "LISTING2-77\LISTING2-77.csproj", "{1AE2A417-7EFD-48F1-9723-AA03B1412782}"
EndProject
Project("{FAE04EC0-301F-11D3-BF4B-00C04F79EFBC}") = "LISTING2-78", "LISTING2-78\LISTING2-78.csproj", "{43B89E09-C6F6-4504-83B3-176F79916B9A}"
EndProject
Global
	GlobalSection(SolutionConfigurationPlatforms) = preSolution
		Debug|Any CPU = Debug|Any CPU
		Release|Any CPU = Release|Any CPU
	EndGlobalSection
	GlobalSection(ProjectConfigurationPlatforms) = postSolution
		{EE369ACD-3204-4920-BE9B-ABC3386BDFD7}.Debug|Any CPU.ActiveCfg = Debug|Any CPU
		{EE369ACD-3204-4920-BE9B-ABC3386BDFD7}.Debug|Any CPU.Build.0 = Debug|Any CPU
		{EE369ACD-3204-4920-BE9B-ABC3386BDFD7}.Release|Any CPU.ActiveCfg = Release|Any CPU
		{EE369ACD-3204-4920-BE9B-ABC3386BDFD7}.Release|Any CPU.Build.0 = Release|Any CPU
		{6DF3BB32-7F48-4476-B4DE-B7CA40E13E9E}.Debug|Any CPU.ActiveCfg = Debug|Any CPU
		{6DF3BB32-7F48-4476-B4DE-B7CA40E13E9E}.Debug|Any CPU.Build.0 = Debug|Any CPU
		{6DF3BB32-7F48-4476-B4DE-B7CA40E13E9E}.Release|Any CPU.ActiveCfg = Release|Any CPU
		{6DF3BB32-7F48-4476-B4DE-B7CA40E13E9E}.Release|Any CPU.Build.0 = Release|Any CPU
		{C42A2637-7FA4-4152-AA92-FAACC8E1CB14}.Debug|Any CPU.ActiveCfg = Debug|Any CPU
		{C42A2637-7FA4-4152-AA92-FAACC8E1CB14}.Debug|Any CPU.Build.0 = Debug|Any CPU
		{C42A2637-7FA4-4152-AA92-FAACC8E1CB14}.Release|Any CPU.ActiveCfg = Release|Any CPU
		{C42A2637-7FA4-4152-AA92-FAACC8E1CB14}.Release|Any CPU.Build.0 = Release|Any CPU
		{AFDDCF6D-44D9-4DFD-A415-22045836D669}.Debug|Any CPU.ActiveCfg = Debug|Any CPU
		{AFDDCF6D-44D9-4DFD-A415-22045836D669}.Debug|Any CPU.Build.0 = Debug|Any CPU
		{AFDDCF6D-44D9-4DFD-A415-22045836D669}.Release|Any CPU.ActiveCfg = Release|Any CPU
		{AFDDCF6D-44D9-4DFD-A415-22045836D669}.Release|Any CPU.Build.0 = Release|Any CPU
		{50E8005C-A03D-450F-BC9E-10955032AA10}.Debug|Any CPU.ActiveCfg = Debug|Any CPU
		{50E8005C-A03D-450F-BC9E-10955032AA10}.Debug|Any CPU.Build.0 = Debug|Any CPU
		{50E8005C-A03D-450F-BC9E-10955032AA10}.Release|Any CPU.ActiveCfg = Release|Any CPU
		{50E8005C-A03D-450F-BC9E-10955032AA10}.Release|Any CPU.Build.0 = Release|Any CPU
		{38A803A8-E87A-4D92-8918-C19317FAE060}.Debug|Any CPU.ActiveCfg = Debug|Any CPU
		{38A803A8-E87A-4D92-8918-C19317FAE060}.Debug|Any CPU.Build.0 = Debug|Any CPU
		{38A803A8-E87A-4D92-8918-C19317FAE060}.Release|Any CPU.ActiveCfg = Release|Any CPU
		{38A803A8-E87A-4D92-8918-C19317FAE060}.Release|Any CPU.Build.0 = Release|Any CPU
		{4FB8FF36-0875-4794-8207-2C33768BB4E4}.Debug|Any CPU.ActiveCfg = Debug|Any CPU
		{4FB8FF36-0875-4794-8207-2C33768BB4E4}.Debug|Any CPU.Build.0 = Debug|Any CPU
		{4FB8FF36-0875-4794-8207-2C33768BB4E4}.Release|Any CPU.ActiveCfg = Release|Any CPU
		{4FB8FF36-0875-4794-8207-2C33768BB4E4}.Release|Any CPU.Build.0 = Release|Any CPU
		{6D31A2AE-9018-4EC1-BDEE-4A98FF5E4C61}.Debug|Any CPU.ActiveCfg = Debug|Any CPU
		{6D31A2AE-9018-4EC1-BDEE-4A98FF5E4C61}.Debug|Any CPU.Build.0 = Debug|Any CPU
		{6D31A2AE-9018-4EC1-BDEE-4A98FF5E4C61}.Release|Any CPU.ActiveCfg = Release|Any CPU
		{6D31A2AE-9018-4EC1-BDEE-4A98FF5E4C61}.Release|Any CPU.Build.0 = Release|Any CPU
		{39039C24-54DC-4D96-9EBE-9611919C0E21}.Debug|Any CPU.ActiveCfg = Debug|Any CPU
		{39039C24-54DC-4D96-9EBE-9611919C0E21}.Debug|Any CPU.Build.0 = Debug|Any CPU
		{39039C24-54DC-4D96-9EBE-9611919C0E21}.Release|Any CPU.ActiveCfg = Release|Any CPU
		{39039C24-54DC-4D96-9EBE-9611919C0E21}.Release|Any CPU.Build.0 = Release|Any CPU
		{2281C527-263A-4E56-9EF4-22E270B6FF8D}.Debug|Any CPU.ActiveCfg = Debug|Any CPU
		{2281C527-263A-4E56-9EF4-22E270B6FF8D}.Debug|Any CPU.Build.0 = Debug|Any CPU
		{2281C527-263A-4E56-9EF4-22E270B6FF8D}.Release|Any CPU.ActiveCfg = Release|Any CPU
		{2281C527-263A-4E56-9EF4-22E270B6FF8D}.Release|Any CPU.Build.0 = Release|Any CPU
		{78F12E13-3325-47C7-8F3C-AF72114C4D80}.Debug|Any CPU.ActiveCfg = Debug|Any CPU
		{78F12E13-3325-47C7-8F3C-AF72114C4D80}.Debug|Any CPU.Build.0 = Debug|Any CPU
		{78F12E13-3325-47C7-8F3C-AF72114C4D80}.Release|Any CPU.ActiveCfg = Release|Any CPU
		{78F12E13-3325-47C7-8F3C-AF72114C4D80}.Release|Any CPU.Build.0 = Release|Any CPU
		{3BEDB1D6-DB4D-403E-A98B-B6D173D8C996}.Debug|Any CPU.ActiveCfg = Debug|Any CPU
		{3BEDB1D6-DB4D-403E-A98B-B6D173D8C996}.Debug|Any CPU.Build.0 = Debug|Any CPU
		{3BEDB1D6-DB4D-403E-A98B-B6D173D8C996}.Release|Any CPU.ActiveCfg = Release|Any CPU
		{3BEDB1D6-DB4D-403E-A98B-B6D173D8C996}.Release|Any CPU.Build.0 = Release|Any CPU
		{2A190315-F5B9-49E2-BB14-4A04A06F6F9A}.Debug|Any CPU.ActiveCfg = Debug|Any CPU
		{2A190315-F5B9-49E2-BB14-4A04A06F6F9A}.Debug|Any CPU.Build.0 = Debug|Any CPU
		{2A190315-F5B9-49E2-BB14-4A04A06F6F9A}.Release|Any CPU.ActiveCfg = Release|Any CPU
		{2A190315-F5B9-49E2-BB14-4A04A06F6F9A}.Release|Any CPU.Build.0 = Release|Any CPU
		{70E63DBF-4D36-4B65-9BDF-1F32B091FD33}.Debug|Any CPU.ActiveCfg = Debug|Any CPU
		{70E63DBF-4D36-4B65-9BDF-1F32B091FD33}.Debug|Any CPU.Build.0 = Debug|Any CPU
		{70E63DBF-4D36-4B65-9BDF-1F32B091FD33}.Release|Any CPU.ActiveCfg = Release|Any CPU
		{70E63DBF-4D36-4B65-9BDF-1F32B091FD33}.Release|Any CPU.Build.0 = Release|Any CPU
		{82949295-5A5E-4435-B97C-9C7901F28F2D}.Debug|Any CPU.ActiveCfg = Debug|Any CPU
		{82949295-5A5E-4435-B97C-9C7901F28F2D}.Debug|Any CPU.Build.0 = Debug|Any CPU
		{82949295-5A5E-4435-B97C-9C7901F28F2D}.Release|Any CPU.ActiveCfg = Release|Any CPU
		{82949295-5A5E-4435-B97C-9C7901F28F2D}.Release|Any CPU.Build.0 = Release|Any CPU
		{930F0769-23FF-49D9-ACE7-B90FD6E27880}.Debug|Any CPU.ActiveCfg = Debug|Any CPU
		{930F0769-23FF-49D9-ACE7-B90FD6E27880}.Debug|Any CPU.Build.0 = Debug|Any CPU
		{930F0769-23FF-49D9-ACE7-B90FD6E27880}.Release|Any CPU.ActiveCfg = Release|Any CPU
		{930F0769-23FF-49D9-ACE7-B90FD6E27880}.Release|Any CPU.Build.0 = Release|Any CPU
		{2FF55F91-5006-490C-8BE1-C47ABA72BC90}.Debug|Any CPU.ActiveCfg = Debug|Any CPU
		{2FF55F91-5006-490C-8BE1-C47ABA72BC90}.Debug|Any CPU.Build.0 = Debug|Any CPU
		{2FF55F91-5006-490C-8BE1-C47ABA72BC90}.Release|Any CPU.ActiveCfg = Release|Any CPU
		{2FF55F91-5006-490C-8BE1-C47ABA72BC90}.Release|Any CPU.Build.0 = Release|Any CPU
		{463CCB6E-7E84-44A6-BDA2-46AAD9D9EA4D}.Debug|Any CPU.ActiveCfg = Debug|Any CPU
		{463CCB6E-7E84-44A6-BDA2-46AAD9D9EA4D}.Debug|Any CPU.Build.0 = Debug|Any CPU
		{463CCB6E-7E84-44A6-BDA2-46AAD9D9EA4D}.Release|Any CPU.ActiveCfg = Release|Any CPU
		{463CCB6E-7E84-44A6-BDA2-46AAD9D9EA4D}.Release|Any CPU.Build.0 = Release|Any CPU
		{6111E08C-9433-4510-916F-CA87182A1C91}.Debug|Any CPU.ActiveCfg = Debug|Any CPU
		{6111E08C-9433-4510-916F-CA87182A1C91}.Debug|Any CPU.Build.0 = Debug|Any CPU
		{6111E08C-9433-4510-916F-CA87182A1C91}.Release|Any CPU.ActiveCfg = Release|Any CPU
		{6111E08C-9433-4510-916F-CA87182A1C91}.Release|Any CPU.Build.0 = Release|Any CPU
		{1AE2A417-7EFD-48F1-9723-AA03B1412782}.Debug|Any CPU.ActiveCfg = Debug|Any CPU
		{1AE2A417-7EFD-48F1-9723-AA03B1412782}.Debug|Any CPU.Build.0 = Debug|Any CPU
		{1AE2A417-7EFD-48F1-9723-AA03B1412782}.Release|Any CPU.ActiveCfg = Release|Any CPU
		{1AE2A417-7EFD-48F1-9723-AA03B1412782}.Release|Any CPU.Build.0 = Release|Any CPU
		{43B89E09-C6F6-4504-83B3-176F79916B9A}.Debug|Any CPU.ActiveCfg = Debug|Any CPU
		{43B89E09-C6F6-4504-83B3-176F79916B9A}.Debug|Any CPU.Build.0 = Debug|Any CPU
		{43B89E09-C6F6-4504-83B3-176F79916B9A}.Release|Any CPU.ActiveCfg = Release|Any CPU
		{43B89E09-C6F6-4504-83B3-176F79916B9A}.Release|Any CPU.Build.0 = Release|Any CPU
	EndGlobalSection
	GlobalSection(SolutionProperties) = preSolution
		HideSolutionNode = FALSE
	EndGlobalSection
	GlobalSection(ExtensibilityGlobals) = postSolution
		SolutionGuid = {A6DA098A-E1C9-4C87-8BE8-73A7EFF661F9}
	EndGlobalSection
EndGlobal
