
Microsoft Visual Studio Solution File, Format Version 12.00
# Visual Studio 15
VisualStudioVersion = 15.0.27703.2000
MinimumVisualStudioVersion = 10.0.40219.1
Project("{FAE04EC0-301F-11D3-BF4B-00C04F79EFBC}") = "LISTING1-75", "LISTING1-75\LISTING1-75.csproj", "{C73AAEC8-F1CE-427F-8E13-48BF9C344FE2}"
EndProject
Project("{FAE04EC0-301F-11D3-BF4B-00C04F79EFBC}") = "LISTING1-76", "LISTING1-76\LISTING1-76.csproj", "{7B031ACA-D648-49FF-9F6F-8D5B06CA177F}"
EndProject
Project("{FAE04EC0-301F-11D3-BF4B-00C04F79EFBC}") = "LISTING1-77", "LISTING1-77\LISTING1-77.csproj", "{63FB60B8-F87B-4CCC-984B-E703BA87196F}"
EndProject
Project("{FAE04EC0-301F-11D3-BF4B-00C04F79EFBC}") = "LISTING1-78", "LISTING1-78\LISTING1-78.csproj", "{31A26666-639B-4BD1-BDB9-08502BC79694}"
EndProject
Project("{FAE04EC0-301F-11D3-BF4B-00C04F79EFBC}") = "LISTING1-79", "LISTING1-79\LISTING1-79.csproj", "{BF6BE757-A576-46A4-B32D-7FE545059705}"
EndProject
Project("{FAE04EC0-301F-11D3-BF4B-00C04F79EFBC}") = "LISTING1-80", "LISTING1-80\LISTING1-80.csproj", "{F2F72C83-278C-4D73-A48F-5AED143990A4}"
EndProject
Project("{FAE04EC0-301F-11D3-BF4B-00C04F79EFBC}") = "LISTING1-81", "LISTING1-81\LISTING1-81.csproj", "{3C98BA32-8409-4DA5-8053-02AFE6F1C32C}"
EndProject
Project("{FAE04EC0-301F-11D3-BF4B-00C04F79EFBC}") = "LISTING1-82", "LISTING1-82\LISTING1-82.csproj", "{E1FC2980-0C18-4CAA-BF01-62E8D25A586C}"
EndProject
Project("{FAE04EC0-301F-11D3-BF4B-00C04F79EFBC}") = "LISTING1-83", "LISTING1-83\LISTING1-83.csproj", "{252459BA-1632-4E14-B595-A98A6E7E2036}"
EndProject
Project("{FAE04EC0-301F-11D3-BF4B-00C04F79EFBC}") = "LISTING1-84", "LISTING1-84\LISTING1-84.csproj", "{451BF15D-EC65-4F1C-879B-60B1755E0D44}"
EndProject
Project("{FAE04EC0-301F-11D3-BF4B-00C04F79EFBC}") = "LISTING1-85", "LISTING1-85\LISTING1-85.csproj", "{CE63A62E-0E4F-4BDE-8E4A-3C05218C4891}"
EndProject
Project("{FAE04EC0-301F-11D3-BF4B-00C04F79EFBC}") = "LISTING1-86", "LISTING1-86\LISTING1-86.csproj", "{C218BE80-C143-40E7-BE09-B3A5562E34E5}"
EndProject
Project("{FAE04EC0-301F-11D3-BF4B-00C04F79EFBC}") = "LISTING1-87", "LISTING1-87\LISTING1-87.csproj", "{BBF05739-C20B-4314-A07B-0E010CD735FF}"
EndProject
Global
	GlobalSection(SolutionConfigurationPlatforms) = preSolution
		Debug|Any CPU = Debug|Any CPU
		Release|Any CPU = Release|Any CPU
	EndGlobalSection
	GlobalSection(ProjectConfigurationPlatforms) = postSolution
		{C73AAEC8-F1CE-427F-8E13-48BF9C344FE2}.Debug|Any CPU.ActiveCfg = Debug|Any CPU
		{C73AAEC8-F1CE-427F-8E13-48BF9C344FE2}.Debug|Any CPU.Build.0 = Debug|Any CPU
		{C73AAEC8-F1CE-427F-8E13-48BF9C344FE2}.Release|Any CPU.ActiveCfg = Release|Any CPU
		{C73AAEC8-F1CE-427F-8E13-48BF9C344FE2}.Release|Any CPU.Build.0 = Release|Any CPU
		{7B031ACA-D648-49FF-9F6F-8D5B06CA177F}.Debug|Any CPU.ActiveCfg = Debug|Any CPU
		{7B031ACA-D648-49FF-9F6F-8D5B06CA177F}.Debug|Any CPU.Build.0 = Debug|Any CPU
		{7B031ACA-D648-49FF-9F6F-8D5B06CA177F}.Release|Any CPU.ActiveCfg = Release|Any CPU
		{7B031ACA-D648-49FF-9F6F-8D5B06CA177F}.Release|Any CPU.Build.0 = Release|Any CPU
		{63FB60B8-F87B-4CCC-984B-E703BA87196F}.Debug|Any CPU.ActiveCfg = Debug|Any CPU
		{63FB60B8-F87B-4CCC-984B-E703BA87196F}.Debug|Any CPU.Build.0 = Debug|Any CPU
		{63FB60B8-F87B-4CCC-984B-E703BA87196F}.Release|Any CPU.ActiveCfg = Release|Any CPU
		{63FB60B8-F87B-4CCC-984B-E703BA87196F}.Release|Any CPU.Build.0 = Release|Any CPU
		{31A26666-639B-4BD1-BDB9-08502BC79694}.Debug|Any CPU.ActiveCfg = Debug|Any CPU
		{31A26666-639B-4BD1-BDB9-08502BC79694}.Debug|Any CPU.Build.0 = Debug|Any CPU
		{31A26666-639B-4BD1-BDB9-08502BC79694}.Release|Any CPU.ActiveCfg = Release|Any CPU
		{31A26666-639B-4BD1-BDB9-08502BC79694}.Release|Any CPU.Build.0 = Release|Any CPU
		{BF6BE757-A576-46A4-B32D-7FE545059705}.Debug|Any CPU.ActiveCfg = Debug|Any CPU
		{BF6BE757-A576-46A4-B32D-7FE545059705}.Debug|Any CPU.Build.0 = Debug|Any CPU
		{BF6BE757-A576-46A4-B32D-7FE545059705}.Release|Any CPU.ActiveCfg = Release|Any CPU
		{BF6BE757-A576-46A4-B32D-7FE545059705}.Release|Any CPU.Build.0 = Release|Any CPU
		{F2F72C83-278C-4D73-A48F-5AED143990A4}.Debug|Any CPU.ActiveCfg = Debug|Any CPU
		{F2F72C83-278C-4D73-A48F-5AED143990A4}.Debug|Any CPU.Build.0 = Debug|Any CPU
		{F2F72C83-278C-4D73-A48F-5AED143990A4}.Release|Any CPU.ActiveCfg = Release|Any CPU
		{F2F72C83-278C-4D73-A48F-5AED143990A4}.Release|Any CPU.Build.0 = Release|Any CPU
		{3C98BA32-8409-4DA5-8053-02AFE6F1C32C}.Debug|Any CPU.ActiveCfg = Debug|Any CPU
		{3C98BA32-8409-4DA5-8053-02AFE6F1C32C}.Debug|Any CPU.Build.0 = Debug|Any CPU
		{3C98BA32-8409-4DA5-8053-02AFE6F1C32C}.Release|Any CPU.ActiveCfg = Release|Any CPU
		{3C98BA32-8409-4DA5-8053-02AFE6F1C32C}.Release|Any CPU.Build.0 = Release|Any CPU
		{E1FC2980-0C18-4CAA-BF01-62E8D25A586C}.Debug|Any CPU.ActiveCfg = Debug|Any CPU
		{E1FC2980-0C18-4CAA-BF01-62E8D25A586C}.Debug|Any CPU.Build.0 = Debug|Any CPU
		{E1FC2980-0C18-4CAA-BF01-62E8D25A586C}.Release|Any CPU.ActiveCfg = Release|Any CPU
		{E1FC2980-0C18-4CAA-BF01-62E8D25A586C}.Release|Any CPU.Build.0 = Release|Any CPU
		{252459BA-1632-4E14-B595-A98A6E7E2036}.Debug|Any CPU.ActiveCfg = Debug|Any CPU
		{252459BA-1632-4E14-B595-A98A6E7E2036}.Debug|Any CPU.Build.0 = Debug|Any CPU
		{252459BA-1632-4E14-B595-A98A6E7E2036}.Release|Any CPU.ActiveCfg = Release|Any CPU
		{252459BA-1632-4E14-B595-A98A6E7E2036}.Release|Any CPU.Build.0 = Release|Any CPU
		{451BF15D-EC65-4F1C-879B-60B1755E0D44}.Debug|Any CPU.ActiveCfg = Debug|Any CPU
		{451BF15D-EC65-4F1C-879B-60B1755E0D44}.Debug|Any CPU.Build.0 = Debug|Any CPU
		{451BF15D-EC65-4F1C-879B-60B1755E0D44}.Release|Any CPU.ActiveCfg = Release|Any CPU
		{451BF15D-EC65-4F1C-879B-60B1755E0D44}.Release|Any CPU.Build.0 = Release|Any CPU
		{CE63A62E-0E4F-4BDE-8E4A-3C05218C4891}.Debug|Any CPU.ActiveCfg = Debug|Any CPU
		{CE63A62E-0E4F-4BDE-8E4A-3C05218C4891}.Debug|Any CPU.Build.0 = Debug|Any CPU
		{CE63A62E-0E4F-4BDE-8E4A-3C05218C4891}.Release|Any CPU.ActiveCfg = Release|Any CPU
		{CE63A62E-0E4F-4BDE-8E4A-3C05218C4891}.Release|Any CPU.Build.0 = Release|Any CPU
		{C218BE80-C143-40E7-BE09-B3A5562E34E5}.Debug|Any CPU.ActiveCfg = Debug|Any CPU
		{C218BE80-C143-40E7-BE09-B3A5562E34E5}.Debug|Any CPU.Build.0 = Debug|Any CPU
		{C218BE80-C143-40E7-BE09-B3A5562E34E5}.Release|Any CPU.ActiveCfg = Release|Any CPU
		{C218BE80-C143-40E7-BE09-B3A5562E34E5}.Release|Any CPU.Build.0 = Release|Any CPU
		{BBF05739-C20B-4314-A07B-0E010CD735FF}.Debug|Any CPU.ActiveCfg = Debug|Any CPU
		{BBF05739-C20B-4314-A07B-0E010CD735FF}.Debug|Any CPU.Build.0 = Debug|Any CPU
		{BBF05739-C20B-4314-A07B-0E010CD735FF}.Release|Any CPU.ActiveCfg = Release|Any CPU
		{BBF05739-C20B-4314-A07B-0E010CD735FF}.Release|Any CPU.Build.0 = Release|Any CPU
	EndGlobalSection
	GlobalSection(SolutionProperties) = preSolution
		HideSolutionNode = FALSE
	EndGlobalSection
	GlobalSection(ExtensibilityGlobals) = postSolution
		SolutionGuid = {02EB415D-F97C-405D-8548-6792806E68DE}
	EndGlobalSection
EndGlobal
