
Microsoft Visual Studio Solution File, Format Version 12.00
# Visual Studio 15
VisualStudioVersion = 15.0.27703.2000
MinimumVisualStudioVersion = 10.0.40219.1
Project("{FAE04EC0-301F-11D3-BF4B-00C04F79EFBC}") = "LISTING1-35", "LISTING1-35\LISTING1-35.csproj", "{6BB53CD5-60ED-48C9-A726-3B35EDF89885}"
EndProject
Project("{FAE04EC0-301F-11D3-BF4B-00C04F79EFBC}") = "LISTING1-36", "LISTING1-36\LISTING1-36.csproj", "{809DB977-3875-4910-B303-0499986635B4}"
EndProject
Project("{FAE04EC0-301F-11D3-BF4B-00C04F79EFBC}") = "LISTING1-37", "LISTING1-37\LISTING1-37.csproj", "{4CE7504A-EE64-419D-88D6-9FD43796EF7B}"
EndProject
Project("{FAE04EC0-301F-11D3-BF4B-00C04F79EFBC}") = "LISTING1-38", "LISTING1-38\LISTING1-38.csproj", "{29165572-EC04-42CE-8883-763AEA9A3E7B}"
EndProject
Project("{FAE04EC0-301F-11D3-BF4B-00C04F79EFBC}") = "LISTING1-39", "LISTING1-39\LISTING1-39.csproj", "{CAC1D308-D5BC-448B-8896-465B9A9DF929}"
EndProject
Project("{FAE04EC0-301F-11D3-BF4B-00C04F79EFBC}") = "LISTING1-40", "LISTING1-40\LISTING1-40.csproj", "{1934ECE1-4A9B-4638-B869-A58F21E01BC8}"
EndProject
Project("{FAE04EC0-301F-11D3-BF4B-00C04F79EFBC}") = "LISTING1-41", "LISTING1-41\LISTING1-41.csproj", "{76CF82D1-4D14-4291-BE7A-1C05D5698ED6}"
EndProject
Project("{FAE04EC0-301F-11D3-BF4B-00C04F79EFBC}") = "LISTING1-42", "LISTING1-42\LISTING1-42.csproj", "{FD1D64E2-6F52-4C73-9A46-A0B3C7092F11}"
EndProject
Project("{FAE04EC0-301F-11D3-BF4B-00C04F79EFBC}") = "LISTING1-43", "LISTING1-43\LISTING1-43.csproj", "{5B5694EB-5710-4CE3-8635-6BB862C0B663}"
EndProject
Project("{FAE04EC0-301F-11D3-BF4B-00C04F79EFBC}") = "LISTING1-44", "LISTING1-44\LISTING1-44.csproj", "{B20E7884-6052-4682-9E2A-38254EBA4487}"
EndProject
Project("{FAE04EC0-301F-11D3-BF4B-00C04F79EFBC}") = "LISTING1-45", "LISTING1-45\LISTING1-45.csproj", "{0B92AB89-20BE-44C3-8F9C-A7D4D8A38556}"
EndProject
Global
	GlobalSection(SolutionConfigurationPlatforms) = preSolution
		Debug|Any CPU = Debug|Any CPU
		Release|Any CPU = Release|Any CPU
	EndGlobalSection
	GlobalSection(ProjectConfigurationPlatforms) = postSolution
		{6BB53CD5-60ED-48C9-A726-3B35EDF89885}.Debug|Any CPU.ActiveCfg = Debug|Any CPU
		{6BB53CD5-60ED-48C9-A726-3B35EDF89885}.Debug|Any CPU.Build.0 = Debug|Any CPU
		{6BB53CD5-60ED-48C9-A726-3B35EDF89885}.Release|Any CPU.ActiveCfg = Release|Any CPU
		{6BB53CD5-60ED-48C9-A726-3B35EDF89885}.Release|Any CPU.Build.0 = Release|Any CPU
		{809DB977-3875-4910-B303-0499986635B4}.Debug|Any CPU.ActiveCfg = Debug|Any CPU
		{809DB977-3875-4910-B303-0499986635B4}.Debug|Any CPU.Build.0 = Debug|Any CPU
		{809DB977-3875-4910-B303-0499986635B4}.Release|Any CPU.ActiveCfg = Release|Any CPU
		{809DB977-3875-4910-B303-0499986635B4}.Release|Any CPU.Build.0 = Release|Any CPU
		{4CE7504A-EE64-419D-88D6-9FD43796EF7B}.Debug|Any CPU.ActiveCfg = Debug|Any CPU
		{4CE7504A-EE64-419D-88D6-9FD43796EF7B}.Debug|Any CPU.Build.0 = Debug|Any CPU
		{4CE7504A-EE64-419D-88D6-9FD43796EF7B}.Release|Any CPU.ActiveCfg = Release|Any CPU
		{4CE7504A-EE64-419D-88D6-9FD43796EF7B}.Release|Any CPU.Build.0 = Release|Any CPU
		{29165572-EC04-42CE-8883-763AEA9A3E7B}.Debug|Any CPU.ActiveCfg = Debug|Any CPU
		{29165572-EC04-42CE-8883-763AEA9A3E7B}.Debug|Any CPU.Build.0 = Debug|Any CPU
		{29165572-EC04-42CE-8883-763AEA9A3E7B}.Release|Any CPU.ActiveCfg = Release|Any CPU
		{29165572-EC04-42CE-8883-763AEA9A3E7B}.Release|Any CPU.Build.0 = Release|Any CPU
		{CAC1D308-D5BC-448B-8896-465B9A9DF929}.Debug|Any CPU.ActiveCfg = Debug|Any CPU
		{CAC1D308-D5BC-448B-8896-465B9A9DF929}.Debug|Any CPU.Build.0 = Debug|Any CPU
		{CAC1D308-D5BC-448B-8896-465B9A9DF929}.Release|Any CPU.ActiveCfg = Release|Any CPU
		{CAC1D308-D5BC-448B-8896-465B9A9DF929}.Release|Any CPU.Build.0 = Release|Any CPU
		{1934ECE1-4A9B-4638-B869-A58F21E01BC8}.Debug|Any CPU.ActiveCfg = Debug|Any CPU
		{1934ECE1-4A9B-4638-B869-A58F21E01BC8}.Debug|Any CPU.Build.0 = Debug|Any CPU
		{1934ECE1-4A9B-4638-B869-A58F21E01BC8}.Release|Any CPU.ActiveCfg = Release|Any CPU
		{1934ECE1-4A9B-4638-B869-A58F21E01BC8}.Release|Any CPU.Build.0 = Release|Any CPU
		{76CF82D1-4D14-4291-BE7A-1C05D5698ED6}.Debug|Any CPU.ActiveCfg = Debug|Any CPU
		{76CF82D1-4D14-4291-BE7A-1C05D5698ED6}.Debug|Any CPU.Build.0 = Debug|Any CPU
		{76CF82D1-4D14-4291-BE7A-1C05D5698ED6}.Release|Any CPU.ActiveCfg = Release|Any CPU
		{76CF82D1-4D14-4291-BE7A-1C05D5698ED6}.Release|Any CPU.Build.0 = Release|Any CPU
		{FD1D64E2-6F52-4C73-9A46-A0B3C7092F11}.Debug|Any CPU.ActiveCfg = Debug|Any CPU
		{FD1D64E2-6F52-4C73-9A46-A0B3C7092F11}.Debug|Any CPU.Build.0 = Debug|Any CPU
		{FD1D64E2-6F52-4C73-9A46-A0B3C7092F11}.Release|Any CPU.ActiveCfg = Release|Any CPU
		{FD1D64E2-6F52-4C73-9A46-A0B3C7092F11}.Release|Any CPU.Build.0 = Release|Any CPU
		{5B5694EB-5710-4CE3-8635-6BB862C0B663}.Debug|Any CPU.ActiveCfg = Debug|Any CPU
		{5B5694EB-5710-4CE3-8635-6BB862C0B663}.Debug|Any CPU.Build.0 = Debug|Any CPU
		{5B5694EB-5710-4CE3-8635-6BB862C0B663}.Release|Any CPU.ActiveCfg = Release|Any CPU
		{5B5694EB-5710-4CE3-8635-6BB862C0B663}.Release|Any CPU.Build.0 = Release|Any CPU
		{B20E7884-6052-4682-9E2A-38254EBA4487}.Debug|Any CPU.ActiveCfg = Debug|Any CPU
		{B20E7884-6052-4682-9E2A-38254EBA4487}.Debug|Any CPU.Build.0 = Debug|Any CPU
		{B20E7884-6052-4682-9E2A-38254EBA4487}.Release|Any CPU.ActiveCfg = Release|Any CPU
		{B20E7884-6052-4682-9E2A-38254EBA4487}.Release|Any CPU.Build.0 = Release|Any CPU
		{0B92AB89-20BE-44C3-8F9C-A7D4D8A38556}.Debug|Any CPU.ActiveCfg = Debug|Any CPU
		{0B92AB89-20BE-44C3-8F9C-A7D4D8A38556}.Debug|Any CPU.Build.0 = Debug|Any CPU
		{0B92AB89-20BE-44C3-8F9C-A7D4D8A38556}.Release|Any CPU.ActiveCfg = Release|Any CPU
		{0B92AB89-20BE-44C3-8F9C-A7D4D8A38556}.Release|Any CPU.Build.0 = Release|Any CPU
	EndGlobalSection
	GlobalSection(SolutionProperties) = preSolution
		HideSolutionNode = FALSE
	EndGlobalSection
	GlobalSection(ExtensibilityGlobals) = postSolution
		SolutionGuid = {AD5F893B-7D07-4330-9ADC-045492F29974}
	EndGlobalSection
EndGlobal
