
Microsoft Visual Studio Solution File, Format Version 12.00
# Visual Studio 15
VisualStudioVersion = 15.0.27703.2000
MinimumVisualStudioVersion = 10.0.40219.1
Project("{FAE04EC0-301F-11D3-BF4B-00C04F79EFBC}") = "LISTING2-31", "LISTING2-31\LISTING2-31.csproj", "{B9B66D9F-99E9-4D79-B107-A830E010483B}"
EndProject
Project("{FAE04EC0-301F-11D3-BF4B-00C04F79EFBC}") = "LISTING2-32", "LISTING2-32\LISTING2-32.csproj", "{313A02B2-8295-471D-9857-29B2C5C3D555}"
EndProject
Project("{FAE04EC0-301F-11D3-BF4B-00C04F79EFBC}") = "LISTING2-33", "LISTING2-33\LISTING2-33.csproj", "{1E051E62-D2FA-4838-AD2C-43E56CF0AB21}"
EndProject
Project("{FAE04EC0-301F-11D3-BF4B-00C04F79EFBC}") = "LISTING2-34", "LISTING2-34\LISTING2-34.csproj", "{F7675C59-6E8D-4D87-AB0C-A6A341D9067F}"
EndProject
Project("{FAE04EC0-301F-11D3-BF4B-00C04F79EFBC}") = "LISTING2-35", "LISTING2-35\LISTING2-35.csproj", "{779152FD-E1E1-4F2D-99A0-DE76296EC347}"
EndProject
Project("{FAE04EC0-301F-11D3-BF4B-00C04F79EFBC}") = "LISTING2-36", "LISTING2-36\LISTING2-36.csproj", "{315EB114-AEB4-4B94-AD94-EC743B483311}"
EndProject
Project("{FAE04EC0-301F-11D3-BF4B-00C04F79EFBC}") = "LISTING2-37", "LISTING2-37\LISTING2-37.csproj", "{AFCBD619-2C62-4C10-9EB5-C24C200A39D0}"
EndProject
Project("{FAE04EC0-301F-11D3-BF4B-00C04F79EFBC}") = "LISTING2-38", "LISTING2-38\LISTING2-38.csproj", "{2CF52074-52D9-435F-8865-61302EE748BE}"
EndProject
Project("{FAE04EC0-301F-11D3-BF4B-00C04F79EFBC}") = "LISTING2-39", "LISTING2-39\LISTING2-39.csproj", "{C6973ECF-B50A-4592-8E79-AAB32910518F}"
EndProject
Project("{FAE04EC0-301F-11D3-BF4B-00C04F79EFBC}") = "LISTING2-40", "LISTING2-40\LISTING2-40.csproj", "{897E2926-5043-46A3-88FD-3CE89FE9F301}"
EndProject
Global
	GlobalSection(SolutionConfigurationPlatforms) = preSolution
		Debug|Any CPU = Debug|Any CPU
		Release|Any CPU = Release|Any CPU
	EndGlobalSection
	GlobalSection(ProjectConfigurationPlatforms) = postSolution
		{B9B66D9F-99E9-4D79-B107-A830E010483B}.Debug|Any CPU.ActiveCfg = Debug|Any CPU
		{B9B66D9F-99E9-4D79-B107-A830E010483B}.Debug|Any CPU.Build.0 = Debug|Any CPU
		{B9B66D9F-99E9-4D79-B107-A830E010483B}.Release|Any CPU.ActiveCfg = Release|Any CPU
		{B9B66D9F-99E9-4D79-B107-A830E010483B}.Release|Any CPU.Build.0 = Release|Any CPU
		{313A02B2-8295-471D-9857-29B2C5C3D555}.Debug|Any CPU.ActiveCfg = Debug|Any CPU
		{313A02B2-8295-471D-9857-29B2C5C3D555}.Debug|Any CPU.Build.0 = Debug|Any CPU
		{313A02B2-8295-471D-9857-29B2C5C3D555}.Release|Any CPU.ActiveCfg = Release|Any CPU
		{313A02B2-8295-471D-9857-29B2C5C3D555}.Release|Any CPU.Build.0 = Release|Any CPU
		{1E051E62-D2FA-4838-AD2C-43E56CF0AB21}.Debug|Any CPU.ActiveCfg = Debug|Any CPU
		{1E051E62-D2FA-4838-AD2C-43E56CF0AB21}.Debug|Any CPU.Build.0 = Debug|Any CPU
		{1E051E62-D2FA-4838-AD2C-43E56CF0AB21}.Release|Any CPU.ActiveCfg = Release|Any CPU
		{1E051E62-D2FA-4838-AD2C-43E56CF0AB21}.Release|Any CPU.Build.0 = Release|Any CPU
		{F7675C59-6E8D-4D87-AB0C-A6A341D9067F}.Debug|Any CPU.ActiveCfg = Debug|Any CPU
		{F7675C59-6E8D-4D87-AB0C-A6A341D9067F}.Debug|Any CPU.Build.0 = Debug|Any CPU
		{F7675C59-6E8D-4D87-AB0C-A6A341D9067F}.Release|Any CPU.ActiveCfg = Release|Any CPU
		{F7675C59-6E8D-4D87-AB0C-A6A341D9067F}.Release|Any CPU.Build.0 = Release|Any CPU
		{779152FD-E1E1-4F2D-99A0-DE76296EC347}.Debug|Any CPU.ActiveCfg = Debug|Any CPU
		{779152FD-E1E1-4F2D-99A0-DE76296EC347}.Debug|Any CPU.Build.0 = Debug|Any CPU
		{779152FD-E1E1-4F2D-99A0-DE76296EC347}.Release|Any CPU.ActiveCfg = Release|Any CPU
		{779152FD-E1E1-4F2D-99A0-DE76296EC347}.Release|Any CPU.Build.0 = Release|Any CPU
		{315EB114-AEB4-4B94-AD94-EC743B483311}.Debug|Any CPU.ActiveCfg = Debug|Any CPU
		{315EB114-AEB4-4B94-AD94-EC743B483311}.Debug|Any CPU.Build.0 = Debug|Any CPU
		{315EB114-AEB4-4B94-AD94-EC743B483311}.Release|Any CPU.ActiveCfg = Release|Any CPU
		{315EB114-AEB4-4B94-AD94-EC743B483311}.Release|Any CPU.Build.0 = Release|Any CPU
		{AFCBD619-2C62-4C10-9EB5-C24C200A39D0}.Debug|Any CPU.ActiveCfg = Debug|Any CPU
		{AFCBD619-2C62-4C10-9EB5-C24C200A39D0}.Debug|Any CPU.Build.0 = Debug|Any CPU
		{AFCBD619-2C62-4C10-9EB5-C24C200A39D0}.Release|Any CPU.ActiveCfg = Release|Any CPU
		{AFCBD619-2C62-4C10-9EB5-C24C200A39D0}.Release|Any CPU.Build.0 = Release|Any CPU
		{2CF52074-52D9-435F-8865-61302EE748BE}.Debug|Any CPU.ActiveCfg = Debug|Any CPU
		{2CF52074-52D9-435F-8865-61302EE748BE}.Debug|Any CPU.Build.0 = Debug|Any CPU
		{2CF52074-52D9-435F-8865-61302EE748BE}.Release|Any CPU.ActiveCfg = Release|Any CPU
		{2CF52074-52D9-435F-8865-61302EE748BE}.Release|Any CPU.Build.0 = Release|Any CPU
		{C6973ECF-B50A-4592-8E79-AAB32910518F}.Debug|Any CPU.ActiveCfg = Debug|Any CPU
		{C6973ECF-B50A-4592-8E79-AAB32910518F}.Debug|Any CPU.Build.0 = Debug|Any CPU
		{C6973ECF-B50A-4592-8E79-AAB32910518F}.Release|Any CPU.ActiveCfg = Release|Any CPU
		{C6973ECF-B50A-4592-8E79-AAB32910518F}.Release|Any CPU.Build.0 = Release|Any CPU
		{897E2926-5043-46A3-88FD-3CE89FE9F301}.Debug|Any CPU.ActiveCfg = Debug|Any CPU
		{897E2926-5043-46A3-88FD-3CE89FE9F301}.Debug|Any CPU.Build.0 = Debug|Any CPU
		{897E2926-5043-46A3-88FD-3CE89FE9F301}.Release|Any CPU.ActiveCfg = Release|Any CPU
		{897E2926-5043-46A3-88FD-3CE89FE9F301}.Release|Any CPU.Build.0 = Release|Any CPU
	EndGlobalSection
	GlobalSection(SolutionProperties) = preSolution
		HideSolutionNode = FALSE
	EndGlobalSection
	GlobalSection(ExtensibilityGlobals) = postSolution
		SolutionGuid = {2C3B0F25-23C1-48B9-9E1B-E0EF5BB0D1C7}
	EndGlobalSection
EndGlobal
