
Microsoft Visual Studio Solution File, Format Version 12.00
# Visual Studio 15
VisualStudioVersion = 15.0.27703.2000
MinimumVisualStudioVersion = 10.0.40219.1
Project("{FAE04EC0-301F-11D3-BF4B-00C04F79EFBC}") = "LISTING2-79", "LISTING2-79\LISTING2-79.csproj", "{F0BC1B1C-C984-462D-8E56-4A69899B0B0B}"
EndProject
Project("{FAE04EC0-301F-11D3-BF4B-00C04F79EFBC}") = "LISTING2-80", "LISTING2-80\LISTING2-80.csproj", "{6B001990-F4AF-4273-AE3E-3AC1F1CB4A3C}"
EndProject
Project("{FAE04EC0-301F-11D3-BF4B-00C04F79EFBC}") = "LISTING2-81", "LISTING2-81\LISTING2-81.csproj", "{2EEF514E-85C1-424D-A6CA-191D9B879EC9}"
EndProject
Project("{FAE04EC0-301F-11D3-BF4B-00C04F79EFBC}") = "LISTING2-82", "LISTING2-82\LISTING2-82.csproj", "{0545328E-3396-4309-A78E-31EB30EB5C13}"
EndProject
Project("{FAE04EC0-301F-11D3-BF4B-00C04F79EFBC}") = "LISTING2-83", "LISTING2-83\LISTING2-83.csproj", "{DE84D35E-3D29-4146-AFC7-8D5FE83C4D89}"
EndProject
Project("{FAE04EC0-301F-11D3-BF4B-00C04F79EFBC}") = "LISTING2-84", "LISTING2-84\LISTING2-84.csproj", "{1D3BC9B5-77E2-4D14-8C41-DFF8DC403F04}"
EndProject
Project("{FAE04EC0-301F-11D3-BF4B-00C04F79EFBC}") = "LISTING2-85", "LISTING2-85\LISTING2-85.csproj", "{35C71786-0E69-4E50-B55B-4833944CC732}"
EndProject
Global
	GlobalSection(SolutionConfigurationPlatforms) = preSolution
		Debug|Any CPU = Debug|Any CPU
		Release|Any CPU = Release|Any CPU
	EndGlobalSection
	GlobalSection(ProjectConfigurationPlatforms) = postSolution
		{F0BC1B1C-C984-462D-8E56-4A69899B0B0B}.Debug|Any CPU.ActiveCfg = Debug|Any CPU
		{F0BC1B1C-C984-462D-8E56-4A69899B0B0B}.Debug|Any CPU.Build.0 = Debug|Any CPU
		{F0BC1B1C-C984-462D-8E56-4A69899B0B0B}.Release|Any CPU.ActiveCfg = Release|Any CPU
		{F0BC1B1C-C984-462D-8E56-4A69899B0B0B}.Release|Any CPU.Build.0 = Release|Any CPU
		{6B001990-F4AF-4273-AE3E-3AC1F1CB4A3C}.Debug|Any CPU.ActiveCfg = Debug|Any CPU
		{6B001990-F4AF-4273-AE3E-3AC1F1CB4A3C}.Debug|Any CPU.Build.0 = Debug|Any CPU
		{6B001990-F4AF-4273-AE3E-3AC1F1CB4A3C}.Release|Any CPU.ActiveCfg = Release|Any CPU
		{6B001990-F4AF-4273-AE3E-3AC1F1CB4A3C}.Release|Any CPU.Build.0 = Release|Any CPU
		{2EEF514E-85C1-424D-A6CA-191D9B879EC9}.Debug|Any CPU.ActiveCfg = Debug|Any CPU
		{2EEF514E-85C1-424D-A6CA-191D9B879EC9}.Debug|Any CPU.Build.0 = Debug|Any CPU
		{2EEF514E-85C1-424D-A6CA-191D9B879EC9}.Release|Any CPU.ActiveCfg = Release|Any CPU
		{2EEF514E-85C1-424D-A6CA-191D9B879EC9}.Release|Any CPU.Build.0 = Release|Any CPU
		{0545328E-3396-4309-A78E-31EB30EB5C13}.Debug|Any CPU.ActiveCfg = Debug|Any CPU
		{0545328E-3396-4309-A78E-31EB30EB5C13}.Debug|Any CPU.Build.0 = Debug|Any CPU
		{0545328E-3396-4309-A78E-31EB30EB5C13}.Release|Any CPU.ActiveCfg = Release|Any CPU
		{0545328E-3396-4309-A78E-31EB30EB5C13}.Release|Any CPU.Build.0 = Release|Any CPU
		{DE84D35E-3D29-4146-AFC7-8D5FE83C4D89}.Debug|Any CPU.ActiveCfg = Debug|Any CPU
		{DE84D35E-3D29-4146-AFC7-8D5FE83C4D89}.Debug|Any CPU.Build.0 = Debug|Any CPU
		{DE84D35E-3D29-4146-AFC7-8D5FE83C4D89}.Release|Any CPU.ActiveCfg = Release|Any CPU
		{DE84D35E-3D29-4146-AFC7-8D5FE83C4D89}.Release|Any CPU.Build.0 = Release|Any CPU
		{1D3BC9B5-77E2-4D14-8C41-DFF8DC403F04}.Debug|Any CPU.ActiveCfg = Debug|Any CPU
		{1D3BC9B5-77E2-4D14-8C41-DFF8DC403F04}.Debug|Any CPU.Build.0 = Debug|Any CPU
		{1D3BC9B5-77E2-4D14-8C41-DFF8DC403F04}.Release|Any CPU.ActiveCfg = Release|Any CPU
		{1D3BC9B5-77E2-4D14-8C41-DFF8DC403F04}.Release|Any CPU.Build.0 = Release|Any CPU
		{35C71786-0E69-4E50-B55B-4833944CC732}.Debug|Any CPU.ActiveCfg = Debug|Any CPU
		{35C71786-0E69-4E50-B55B-4833944CC732}.Debug|Any CPU.Build.0 = Debug|Any CPU
		{35C71786-0E69-4E50-B55B-4833944CC732}.Release|Any CPU.ActiveCfg = Release|Any CPU
		{35C71786-0E69-4E50-B55B-4833944CC732}.Release|Any CPU.Build.0 = Release|Any CPU
	EndGlobalSection
	GlobalSection(SolutionProperties) = preSolution
		HideSolutionNode = FALSE
	EndGlobalSection
	GlobalSection(ExtensibilityGlobals) = postSolution
		SolutionGuid = {EDF69910-24D9-46F4-819B-55015EFBD685}
	EndGlobalSection
EndGlobal
