
Microsoft Visual Studio Solution File, Format Version 12.00
# Visual Studio 15
VisualStudioVersion = 15.0.27703.2000
MinimumVisualStudioVersion = 10.0.40219.1
Project("{FAE04EC0-301F-11D3-BF4B-00C04F79EFBC}") = "LISTING1-88", "LISTING1-88\LISTING1-88.csproj", "{A50CD2BF-C6C7-4BCF-BC95-210C41EE951E}"
EndProject
Project("{FAE04EC0-301F-11D3-BF4B-00C04F79EFBC}") = "LISTING1-89", "LISTING1-89\LISTING1-89.csproj", "{48949974-4905-469F-AE2E-67F1D7055F47}"
EndProject
Project("{FAE04EC0-301F-11D3-BF4B-00C04F79EFBC}") = "LISTING1-90", "LISTING1-90\LISTING1-90.csproj", "{DB39AAA5-35F8-4FEE-864F-929A45D5355F}"
EndProject
Project("{FAE04EC0-301F-11D3-BF4B-00C04F79EFBC}") = "LISTING1-91", "LISTING1-91\LISTING1-91.csproj", "{3BCB6265-BFA6-48A2-B139-7B4813633A81}"
EndProject
Project("{FAE04EC0-301F-11D3-BF4B-00C04F79EFBC}") = "LISTING1-92", "LISTING1-92\LISTING1-92.csproj", "{1889F249-40E5-4A51-9B08-B762D984EFCD}"
EndProject
Project("{FAE04EC0-301F-11D3-BF4B-00C04F79EFBC}") = "LISTING1-93", "LISTING1-93\LISTING1-93.csproj", "{32112E2E-44EE-4621-B8B7-45990049E2FA}"
EndProject
Project("{FAE04EC0-301F-11D3-BF4B-00C04F79EFBC}") = "LISTING1-94", "LISTING1-94\LISTING1-94.csproj", "{37AEF0DD-C318-48AD-9923-70FB7CADA06C}"
EndProject
Project("{FAE04EC0-301F-11D3-BF4B-00C04F79EFBC}") = "LISTING1-95", "LISTING1-95\LISTING1-95.csproj", "{806B4D47-1EFC-47E0-B282-317B87F6F873}"
EndProject
Project("{FAE04EC0-301F-11D3-BF4B-00C04F79EFBC}") = "LISTING1-96", "LISTING1-96\LISTING1-96.csproj", "{66B5A44E-48F2-48AC-A870-21052BEA9083}"
EndProject
Project("{FAE04EC0-301F-11D3-BF4B-00C04F79EFBC}") = "LISTING1-97", "LISTING1-97\LISTING1-97.csproj", "{D2A3F731-27C0-4FA4-ADF3-08ABBEDDF24D}"
EndProject
Project("{FAE04EC0-301F-11D3-BF4B-00C04F79EFBC}") = "LISTING1-98", "LISTING1-98\LISTING1-98.csproj", "{C5A93F09-2E03-4079-8168-910CBC8D8041}"
EndProject
Global
	GlobalSection(SolutionConfigurationPlatforms) = preSolution
		Debug|Any CPU = Debug|Any CPU
		Release|Any CPU = Release|Any CPU
	EndGlobalSection
	GlobalSection(ProjectConfigurationPlatforms) = postSolution
		{A50CD2BF-C6C7-4BCF-BC95-210C41EE951E}.Debug|Any CPU.ActiveCfg = Debug|Any CPU
		{A50CD2BF-C6C7-4BCF-BC95-210C41EE951E}.Debug|Any CPU.Build.0 = Debug|Any CPU
		{A50CD2BF-C6C7-4BCF-BC95-210C41EE951E}.Release|Any CPU.ActiveCfg = Release|Any CPU
		{A50CD2BF-C6C7-4BCF-BC95-210C41EE951E}.Release|Any CPU.Build.0 = Release|Any CPU
		{48949974-4905-469F-AE2E-67F1D7055F47}.Debug|Any CPU.ActiveCfg = Debug|Any CPU
		{48949974-4905-469F-AE2E-67F1D7055F47}.Debug|Any CPU.Build.0 = Debug|Any CPU
		{48949974-4905-469F-AE2E-67F1D7055F47}.Release|Any CPU.ActiveCfg = Release|Any CPU
		{48949974-4905-469F-AE2E-67F1D7055F47}.Release|Any CPU.Build.0 = Release|Any CPU
		{DB39AAA5-35F8-4FEE-864F-929A45D5355F}.Debug|Any CPU.ActiveCfg = Debug|Any CPU
		{DB39AAA5-35F8-4FEE-864F-929A45D5355F}.Debug|Any CPU.Build.0 = Debug|Any CPU
		{DB39AAA5-35F8-4FEE-864F-929A45D5355F}.Release|Any CPU.ActiveCfg = Release|Any CPU
		{DB39AAA5-35F8-4FEE-864F-929A45D5355F}.Release|Any CPU.Build.0 = Release|Any CPU
		{3BCB6265-BFA6-48A2-B139-7B4813633A81}.Debug|Any CPU.ActiveCfg = Debug|Any CPU
		{3BCB6265-BFA6-48A2-B139-7B4813633A81}.Debug|Any CPU.Build.0 = Debug|Any CPU
		{3BCB6265-BFA6-48A2-B139-7B4813633A81}.Release|Any CPU.ActiveCfg = Release|Any CPU
		{3BCB6265-BFA6-48A2-B139-7B4813633A81}.Release|Any CPU.Build.0 = Release|Any CPU
		{1889F249-40E5-4A51-9B08-B762D984EFCD}.Debug|Any CPU.ActiveCfg = Debug|Any CPU
		{1889F249-40E5-4A51-9B08-B762D984EFCD}.Debug|Any CPU.Build.0 = Debug|Any CPU
		{1889F249-40E5-4A51-9B08-B762D984EFCD}.Release|Any CPU.ActiveCfg = Release|Any CPU
		{1889F249-40E5-4A51-9B08-B762D984EFCD}.Release|Any CPU.Build.0 = Release|Any CPU
		{32112E2E-44EE-4621-B8B7-45990049E2FA}.Debug|Any CPU.ActiveCfg = Debug|Any CPU
		{32112E2E-44EE-4621-B8B7-45990049E2FA}.Debug|Any CPU.Build.0 = Debug|Any CPU
		{32112E2E-44EE-4621-B8B7-45990049E2FA}.Release|Any CPU.ActiveCfg = Release|Any CPU
		{32112E2E-44EE-4621-B8B7-45990049E2FA}.Release|Any CPU.Build.0 = Release|Any CPU
		{37AEF0DD-C318-48AD-9923-70FB7CADA06C}.Debug|Any CPU.ActiveCfg = Debug|Any CPU
		{37AEF0DD-C318-48AD-9923-70FB7CADA06C}.Debug|Any CPU.Build.0 = Debug|Any CPU
		{37AEF0DD-C318-48AD-9923-70FB7CADA06C}.Release|Any CPU.ActiveCfg = Release|Any CPU
		{37AEF0DD-C318-48AD-9923-70FB7CADA06C}.Release|Any CPU.Build.0 = Release|Any CPU
		{806B4D47-1EFC-47E0-B282-317B87F6F873}.Debug|Any CPU.ActiveCfg = Debug|Any CPU
		{806B4D47-1EFC-47E0-B282-317B87F6F873}.Debug|Any CPU.Build.0 = Debug|Any CPU
		{806B4D47-1EFC-47E0-B282-317B87F6F873}.Release|Any CPU.ActiveCfg = Release|Any CPU
		{806B4D47-1EFC-47E0-B282-317B87F6F873}.Release|Any CPU.Build.0 = Release|Any CPU
		{66B5A44E-48F2-48AC-A870-21052BEA9083}.Debug|Any CPU.ActiveCfg = Debug|Any CPU
		{66B5A44E-48F2-48AC-A870-21052BEA9083}.Debug|Any CPU.Build.0 = Debug|Any CPU
		{66B5A44E-48F2-48AC-A870-21052BEA9083}.Release|Any CPU.ActiveCfg = Release|Any CPU
		{66B5A44E-48F2-48AC-A870-21052BEA9083}.Release|Any CPU.Build.0 = Release|Any CPU
		{D2A3F731-27C0-4FA4-ADF3-08ABBEDDF24D}.Debug|Any CPU.ActiveCfg = Debug|Any CPU
		{D2A3F731-27C0-4FA4-ADF3-08ABBEDDF24D}.Debug|Any CPU.Build.0 = Debug|Any CPU
		{D2A3F731-27C0-4FA4-ADF3-08ABBEDDF24D}.Release|Any CPU.ActiveCfg = Release|Any CPU
		{D2A3F731-27C0-4FA4-ADF3-08ABBEDDF24D}.Release|Any CPU.Build.0 = Release|Any CPU
		{C5A93F09-2E03-4079-8168-910CBC8D8041}.Debug|Any CPU.ActiveCfg = Debug|Any CPU
		{C5A93F09-2E03-4079-8168-910CBC8D8041}.Debug|Any CPU.Build.0 = Debug|Any CPU
		{C5A93F09-2E03-4079-8168-910CBC8D8041}.Release|Any CPU.ActiveCfg = Release|Any CPU
		{C5A93F09-2E03-4079-8168-910CBC8D8041}.Release|Any CPU.Build.0 = Release|Any CPU
	EndGlobalSection
	GlobalSection(SolutionProperties) = preSolution
		HideSolutionNode = FALSE
	EndGlobalSection
	GlobalSection(ExtensibilityGlobals) = postSolution
		SolutionGuid = {1972E889-88BF-4EDC-97D7-8A54B40DF2F2}
	EndGlobalSection
EndGlobal
