
Microsoft Visual Studio Solution File, Format Version 12.00
# Visual Studio 15
VisualStudioVersion = 15.0.27703.2000
MinimumVisualStudioVersion = 10.0.40219.1
Project("{FAE04EC0-301F-11D3-BF4B-00C04F79EFBC}") = "LISTING1-46", "LISTING1-46\LISTING1-46.csproj", "{855795CF-2E61-4EA4-AE4D-D4C38B898991}"
EndProject
Project("{FAE04EC0-301F-11D3-BF4B-00C04F79EFBC}") = "LISTING1-47", "LISTING1-47\LISTING1-47.csproj", "{B0AFFB06-50CE-4256-AD95-88E8C104706E}"
EndProject
Project("{FAE04EC0-301F-11D3-BF4B-00C04F79EFBC}") = "LISTING1-48", "LISTING1-48\LISTING1-48.csproj", "{0A3EBD44-17BF-4467-A086-0C40262F3133}"
EndProject
Project("{FAE04EC0-301F-11D3-BF4B-00C04F79EFBC}") = "LISTING1-49", "LISTING1-49\LISTING1-49.csproj", "{AA3D1F95-102D-462E-B913-B9CC22E5D76C}"
EndProject
Project("{FAE04EC0-301F-11D3-BF4B-00C04F79EFBC}") = "LISTING1-50", "LISTING1-50\LISTING1-50.csproj", "{BCEDEAEA-8A74-41CA-91BD-2C07E3309416}"
EndProject
Project("{FAE04EC0-301F-11D3-BF4B-00C04F79EFBC}") = "LISTING1-51", "LISTING1-51\LISTING1-51.csproj", "{92786C84-F793-4978-BAA1-F28CB5B21805}"
EndProject
Project("{FAE04EC0-301F-11D3-BF4B-00C04F79EFBC}") = "LISTING1-52", "LISTING1-52\LISTING1-52.csproj", "{23788C18-A06F-405B-A2CB-B179213776E1}"
EndProject
Project("{FAE04EC0-301F-11D3-BF4B-00C04F79EFBC}") = "LISTING1-53", "LISTING1-53\LISTING1-53.csproj", "{6E95C958-7A52-474E-A6CB-FAE1528501F5}"
EndProject
Project("{FAE04EC0-301F-11D3-BF4B-00C04F79EFBC}") = "LISTING1-54", "LISTING1-54\LISTING1-54.csproj", "{B93DE4C2-9F25-4F9B-85E4-3A9740723C91}"
EndProject
Project("{FAE04EC0-301F-11D3-BF4B-00C04F79EFBC}") = "LISTING1-55", "LISTING1-55\LISTING1-55.csproj", "{A938AE09-A068-40D3-955F-3391E0246F87}"
EndProject
Project("{FAE04EC0-301F-11D3-BF4B-00C04F79EFBC}") = "LISTING1-56", "LISTING1-56\LISTING1-56.csproj", "{1AC8D4A5-CC74-4177-9151-FBB6880D08F5}"
EndProject
Project("{FAE04EC0-301F-11D3-BF4B-00C04F79EFBC}") = "LISTING1-57", "LISTING1-57\LISTING1-57.csproj", "{E77ABC3C-5CDE-43F5-A570-B24867039165}"
EndProject
Project("{FAE04EC0-301F-11D3-BF4B-00C04F79EFBC}") = "LISTING1-58", "LISTING1-58\LISTING1-58.csproj", "{5F00D044-3D9A-405F-99AB-566989D5FC09}"
EndProject
Project("{FAE04EC0-301F-11D3-BF4B-00C04F79EFBC}") = "LISTING1-59", "LISTING1-59\LISTING1-59.csproj", "{7946D247-7A24-4BD7-A56D-3309FBA0AB6C}"
EndProject
Project("{FAE04EC0-301F-11D3-BF4B-00C04F79EFBC}") = "LISTING1-60", "LISTING1-60\LISTING1-60.csproj", "{A1CC30B5-3E35-459D-969A-62ECD5EBB8D9}"
EndProject
Project("{FAE04EC0-301F-11D3-BF4B-00C04F79EFBC}") = "LISTING1-61", "LISTING1-61\LISTING1-61.csproj", "{872F0FC3-DD6B-4F69-84B8-7F4841610325}"
EndProject
Project("{FAE04EC0-301F-11D3-BF4B-00C04F79EFBC}") = "LISTING1-62", "LISTING1-62\LISTING1-62.csproj", "{1F44EDB6-BC6E-4F61-A67F-6A6116C1D326}"
EndProject
Project("{FAE04EC0-301F-11D3-BF4B-00C04F79EFBC}") = "LISTING1-63", "LISTING1-63\LISTING1-63.csproj", "{233508A7-DD58-41D7-92B4-9AD35D386353}"
EndProject
Project("{FAE04EC0-301F-11D3-BF4B-00C04F79EFBC}") = "LISTING1-64", "LISTING1-64\LISTING1-64.csproj", "{DB082BB6-0CFE-4076-B9AE-5D55F33D3916}"
EndProject
Project("{FAE04EC0-301F-11D3-BF4B-00C04F79EFBC}") = "LISTING1-66", "LISTING1-66\LISTING1-66.csproj", "{E3C0962C-F978-48EA-8816-9D6FF4E36E08}"
EndProject
Project("{FAE04EC0-301F-11D3-BF4B-00C04F79EFBC}") = "LISTING1-65", "LISTING1-65\LISTING1-65.csproj", "{AD9D2A11-1BDD-4749-BA8E-761ABBFF1A95}"
EndProject
Project("{FAE04EC0-301F-11D3-BF4B-00C04F79EFBC}") = "LISTING1-67", "LISTING1-67\LISTING1-67.csproj", "{53912997-F01E-43FB-9F3B-BB333F735AB9}"
EndProject
Project("{FAE04EC0-301F-11D3-BF4B-00C04F79EFBC}") = "LISTING1-68", "LISTING1-68\LISTING1-68.csproj", "{0FCB2936-07B0-4235-A9DE-F7B0A7D3E0ED}"
EndProject
Project("{FAE04EC0-301F-11D3-BF4B-00C04F79EFBC}") = "LISTING1-69", "LISTING1-69\LISTING1-69.csproj", "{08DE0EBC-8E16-4F74-B40F-4D2F9511DAA6}"
EndProject
Project("{FAE04EC0-301F-11D3-BF4B-00C04F79EFBC}") = "LISTING1-70", "LISTING1-70\LISTING1-70.csproj", "{8B37792C-8178-43DD-93CF-F620B1A14895}"
EndProject
Project("{FAE04EC0-301F-11D3-BF4B-00C04F79EFBC}") = "LISTING1-71", "LISTING1-71\LISTING1-71.csproj", "{C3B5470F-2A1C-4D70-BBC8-4880D8B80FB0}"
EndProject
Project("{FAE04EC0-301F-11D3-BF4B-00C04F79EFBC}") = "LISTING1-72", "LISTING1-72\LISTING1-72.csproj", "{EA97AD24-F790-4A57-8CD5-765E988F2210}"
EndProject
Project("{FAE04EC0-301F-11D3-BF4B-00C04F79EFBC}") = "LISTING1-73", "LISTING1-73\LISTING1-73.csproj", "{CC3D263D-A8B5-441F-9C72-59DAB3FD1346}"
EndProject
Global
	GlobalSection(SolutionConfigurationPlatforms) = preSolution
		Debug|Any CPU = Debug|Any CPU
		Release|Any CPU = Release|Any CPU
	EndGlobalSection
	GlobalSection(ProjectConfigurationPlatforms) = postSolution
		{855795CF-2E61-4EA4-AE4D-D4C38B898991}.Debug|Any CPU.ActiveCfg = Debug|Any CPU
		{855795CF-2E61-4EA4-AE4D-D4C38B898991}.Debug|Any CPU.Build.0 = Debug|Any CPU
		{855795CF-2E61-4EA4-AE4D-D4C38B898991}.Release|Any CPU.ActiveCfg = Release|Any CPU
		{855795CF-2E61-4EA4-AE4D-D4C38B898991}.Release|Any CPU.Build.0 = Release|Any CPU
		{B0AFFB06-50CE-4256-AD95-88E8C104706E}.Debug|Any CPU.ActiveCfg = Debug|Any CPU
		{B0AFFB06-50CE-4256-AD95-88E8C104706E}.Debug|Any CPU.Build.0 = Debug|Any CPU
		{B0AFFB06-50CE-4256-AD95-88E8C104706E}.Release|Any CPU.ActiveCfg = Release|Any CPU
		{B0AFFB06-50CE-4256-AD95-88E8C104706E}.Release|Any CPU.Build.0 = Release|Any CPU
		{0A3EBD44-17BF-4467-A086-0C40262F3133}.Debug|Any CPU.ActiveCfg = Debug|Any CPU
		{0A3EBD44-17BF-4467-A086-0C40262F3133}.Debug|Any CPU.Build.0 = Debug|Any CPU
		{0A3EBD44-17BF-4467-A086-0C40262F3133}.Release|Any CPU.ActiveCfg = Release|Any CPU
		{0A3EBD44-17BF-4467-A086-0C40262F3133}.Release|Any CPU.Build.0 = Release|Any CPU
		{AA3D1F95-102D-462E-B913-B9CC22E5D76C}.Debug|Any CPU.ActiveCfg = Debug|Any CPU
		{AA3D1F95-102D-462E-B913-B9CC22E5D76C}.Debug|Any CPU.Build.0 = Debug|Any CPU
		{AA3D1F95-102D-462E-B913-B9CC22E5D76C}.Release|Any CPU.ActiveCfg = Release|Any CPU
		{AA3D1F95-102D-462E-B913-B9CC22E5D76C}.Release|Any CPU.Build.0 = Release|Any CPU
		{BCEDEAEA-8A74-41CA-91BD-2C07E3309416}.Debug|Any CPU.ActiveCfg = Debug|Any CPU
		{BCEDEAEA-8A74-41CA-91BD-2C07E3309416}.Debug|Any CPU.Build.0 = Debug|Any CPU
		{BCEDEAEA-8A74-41CA-91BD-2C07E3309416}.Release|Any CPU.ActiveCfg = Release|Any CPU
		{BCEDEAEA-8A74-41CA-91BD-2C07E3309416}.Release|Any CPU.Build.0 = Release|Any CPU
		{92786C84-F793-4978-BAA1-F28CB5B21805}.Debug|Any CPU.ActiveCfg = Debug|Any CPU
		{92786C84-F793-4978-BAA1-F28CB5B21805}.Debug|Any CPU.Build.0 = Debug|Any CPU
		{92786C84-F793-4978-BAA1-F28CB5B21805}.Release|Any CPU.ActiveCfg = Release|Any CPU
		{92786C84-F793-4978-BAA1-F28CB5B21805}.Release|Any CPU.Build.0 = Release|Any CPU
		{23788C18-A06F-405B-A2CB-B179213776E1}.Debug|Any CPU.ActiveCfg = Debug|Any CPU
		{23788C18-A06F-405B-A2CB-B179213776E1}.Debug|Any CPU.Build.0 = Debug|Any CPU
		{23788C18-A06F-405B-A2CB-B179213776E1}.Release|Any CPU.ActiveCfg = Release|Any CPU
		{23788C18-A06F-405B-A2CB-B179213776E1}.Release|Any CPU.Build.0 = Release|Any CPU
		{6E95C958-7A52-474E-A6CB-FAE1528501F5}.Debug|Any CPU.ActiveCfg = Debug|Any CPU
		{6E95C958-7A52-474E-A6CB-FAE1528501F5}.Debug|Any CPU.Build.0 = Debug|Any CPU
		{6E95C958-7A52-474E-A6CB-FAE1528501F5}.Release|Any CPU.ActiveCfg = Release|Any CPU
		{6E95C958-7A52-474E-A6CB-FAE1528501F5}.Release|Any CPU.Build.0 = Release|Any CPU
		{B93DE4C2-9F25-4F9B-85E4-3A9740723C91}.Debug|Any CPU.ActiveCfg = Debug|Any CPU
		{B93DE4C2-9F25-4F9B-85E4-3A9740723C91}.Debug|Any CPU.Build.0 = Debug|Any CPU
		{B93DE4C2-9F25-4F9B-85E4-3A9740723C91}.Release|Any CPU.ActiveCfg = Release|Any CPU
		{B93DE4C2-9F25-4F9B-85E4-3A9740723C91}.Release|Any CPU.Build.0 = Release|Any CPU
		{A938AE09-A068-40D3-955F-3391E0246F87}.Debug|Any CPU.ActiveCfg = Debug|Any CPU
		{A938AE09-A068-40D3-955F-3391E0246F87}.Debug|Any CPU.Build.0 = Debug|Any CPU
		{A938AE09-A068-40D3-955F-3391E0246F87}.Release|Any CPU.ActiveCfg = Release|Any CPU
		{A938AE09-A068-40D3-955F-3391E0246F87}.Release|Any CPU.Build.0 = Release|Any CPU
		{1AC8D4A5-CC74-4177-9151-FBB6880D08F5}.Debug|Any CPU.ActiveCfg = Debug|Any CPU
		{1AC8D4A5-CC74-4177-9151-FBB6880D08F5}.Debug|Any CPU.Build.0 = Debug|Any CPU
		{1AC8D4A5-CC74-4177-9151-FBB6880D08F5}.Release|Any CPU.ActiveCfg = Release|Any CPU
		{1AC8D4A5-CC74-4177-9151-FBB6880D08F5}.Release|Any CPU.Build.0 = Release|Any CPU
		{E77ABC3C-5CDE-43F5-A570-B24867039165}.Debug|Any CPU.ActiveCfg = Debug|Any CPU
		{E77ABC3C-5CDE-43F5-A570-B24867039165}.Debug|Any CPU.Build.0 = Debug|Any CPU
		{E77ABC3C-5CDE-43F5-A570-B24867039165}.Release|Any CPU.ActiveCfg = Release|Any CPU
		{E77ABC3C-5CDE-43F5-A570-B24867039165}.Release|Any CPU.Build.0 = Release|Any CPU
		{5F00D044-3D9A-405F-99AB-566989D5FC09}.Debug|Any CPU.ActiveCfg = Debug|Any CPU
		{5F00D044-3D9A-405F-99AB-566989D5FC09}.Debug|Any CPU.Build.0 = Debug|Any CPU
		{5F00D044-3D9A-405F-99AB-566989D5FC09}.Release|Any CPU.ActiveCfg = Release|Any CPU
		{5F00D044-3D9A-405F-99AB-566989D5FC09}.Release|Any CPU.Build.0 = Release|Any CPU
		{7946D247-7A24-4BD7-A56D-3309FBA0AB6C}.Debug|Any CPU.ActiveCfg = Debug|Any CPU
		{7946D247-7A24-4BD7-A56D-3309FBA0AB6C}.Debug|Any CPU.Build.0 = Debug|Any CPU
		{7946D247-7A24-4BD7-A56D-3309FBA0AB6C}.Release|Any CPU.ActiveCfg = Release|Any CPU
		{7946D247-7A24-4BD7-A56D-3309FBA0AB6C}.Release|Any CPU.Build.0 = Release|Any CPU
		{A1CC30B5-3E35-459D-969A-62ECD5EBB8D9}.Debug|Any CPU.ActiveCfg = Debug|Any CPU
		{A1CC30B5-3E35-459D-969A-62ECD5EBB8D9}.Debug|Any CPU.Build.0 = Debug|Any CPU
		{A1CC30B5-3E35-459D-969A-62ECD5EBB8D9}.Release|Any CPU.ActiveCfg = Release|Any CPU
		{A1CC30B5-3E35-459D-969A-62ECD5EBB8D9}.Release|Any CPU.Build.0 = Release|Any CPU
		{872F0FC3-DD6B-4F69-84B8-7F4841610325}.Debug|Any CPU.ActiveCfg = Debug|Any CPU
		{872F0FC3-DD6B-4F69-84B8-7F4841610325}.Debug|Any CPU.Build.0 = Debug|Any CPU
		{872F0FC3-DD6B-4F69-84B8-7F4841610325}.Release|Any CPU.ActiveCfg = Release|Any CPU
		{872F0FC3-DD6B-4F69-84B8-7F4841610325}.Release|Any CPU.Build.0 = Release|Any CPU
		{1F44EDB6-BC6E-4F61-A67F-6A6116C1D326}.Debug|Any CPU.ActiveCfg = Debug|Any CPU
		{1F44EDB6-BC6E-4F61-A67F-6A6116C1D326}.Debug|Any CPU.Build.0 = Debug|Any CPU
		{1F44EDB6-BC6E-4F61-A67F-6A6116C1D326}.Release|Any CPU.ActiveCfg = Release|Any CPU
		{1F44EDB6-BC6E-4F61-A67F-6A6116C1D326}.Release|Any CPU.Build.0 = Release|Any CPU
		{233508A7-DD58-41D7-92B4-9AD35D386353}.Debug|Any CPU.ActiveCfg = Debug|Any CPU
		{233508A7-DD58-41D7-92B4-9AD35D386353}.Debug|Any CPU.Build.0 = Debug|Any CPU
		{233508A7-DD58-41D7-92B4-9AD35D386353}.Release|Any CPU.ActiveCfg = Release|Any CPU
		{233508A7-DD58-41D7-92B4-9AD35D386353}.Release|Any CPU.Build.0 = Release|Any CPU
		{DB082BB6-0CFE-4076-B9AE-5D55F33D3916}.Debug|Any CPU.ActiveCfg = Debug|Any CPU
		{DB082BB6-0CFE-4076-B9AE-5D55F33D3916}.Debug|Any CPU.Build.0 = Debug|Any CPU
		{DB082BB6-0CFE-4076-B9AE-5D55F33D3916}.Release|Any CPU.ActiveCfg = Release|Any CPU
		{DB082BB6-0CFE-4076-B9AE-5D55F33D3916}.Release|Any CPU.Build.0 = Release|Any CPU
		{E3C0962C-F978-48EA-8816-9D6FF4E36E08}.Debug|Any CPU.ActiveCfg = Debug|Any CPU
		{E3C0962C-F978-48EA-8816-9D6FF4E36E08}.Debug|Any CPU.Build.0 = Debug|Any CPU
		{E3C0962C-F978-48EA-8816-9D6FF4E36E08}.Release|Any CPU.ActiveCfg = Release|Any CPU
		{E3C0962C-F978-48EA-8816-9D6FF4E36E08}.Release|Any CPU.Build.0 = Release|Any CPU
		{AD9D2A11-1BDD-4749-BA8E-761ABBFF1A95}.Debug|Any CPU.ActiveCfg = Debug|Any CPU
		{AD9D2A11-1BDD-4749-BA8E-761ABBFF1A95}.Debug|Any CPU.Build.0 = Debug|Any CPU
		{AD9D2A11-1BDD-4749-BA8E-761ABBFF1A95}.Release|Any CPU.ActiveCfg = Release|Any CPU
		{AD9D2A11-1BDD-4749-BA8E-761ABBFF1A95}.Release|Any CPU.Build.0 = Release|Any CPU
		{53912997-F01E-43FB-9F3B-BB333F735AB9}.Debug|Any CPU.ActiveCfg = Debug|Any CPU
		{53912997-F01E-43FB-9F3B-BB333F735AB9}.Debug|Any CPU.Build.0 = Debug|Any CPU
		{53912997-F01E-43FB-9F3B-BB333F735AB9}.Release|Any CPU.ActiveCfg = Release|Any CPU
		{53912997-F01E-43FB-9F3B-BB333F735AB9}.Release|Any CPU.Build.0 = Release|Any CPU
		{0FCB2936-07B0-4235-A9DE-F7B0A7D3E0ED}.Debug|Any CPU.ActiveCfg = Debug|Any CPU
		{0FCB2936-07B0-4235-A9DE-F7B0A7D3E0ED}.Debug|Any CPU.Build.0 = Debug|Any CPU
		{0FCB2936-07B0-4235-A9DE-F7B0A7D3E0ED}.Release|Any CPU.ActiveCfg = Release|Any CPU
		{0FCB2936-07B0-4235-A9DE-F7B0A7D3E0ED}.Release|Any CPU.Build.0 = Release|Any CPU
		{08DE0EBC-8E16-4F74-B40F-4D2F9511DAA6}.Debug|Any CPU.ActiveCfg = Debug|Any CPU
		{08DE0EBC-8E16-4F74-B40F-4D2F9511DAA6}.Debug|Any CPU.Build.0 = Debug|Any CPU
		{08DE0EBC-8E16-4F74-B40F-4D2F9511DAA6}.Release|Any CPU.ActiveCfg = Release|Any CPU
		{08DE0EBC-8E16-4F74-B40F-4D2F9511DAA6}.Release|Any CPU.Build.0 = Release|Any CPU
		{8B37792C-8178-43DD-93CF-F620B1A14895}.Debug|Any CPU.ActiveCfg = Debug|Any CPU
		{8B37792C-8178-43DD-93CF-F620B1A14895}.Debug|Any CPU.Build.0 = Debug|Any CPU
		{8B37792C-8178-43DD-93CF-F620B1A14895}.Release|Any CPU.ActiveCfg = Release|Any CPU
		{8B37792C-8178-43DD-93CF-F620B1A14895}.Release|Any CPU.Build.0 = Release|Any CPU
		{C3B5470F-2A1C-4D70-BBC8-4880D8B80FB0}.Debug|Any CPU.ActiveCfg = Debug|Any CPU
		{C3B5470F-2A1C-4D70-BBC8-4880D8B80FB0}.Debug|Any CPU.Build.0 = Debug|Any CPU
		{C3B5470F-2A1C-4D70-BBC8-4880D8B80FB0}.Release|Any CPU.ActiveCfg = Release|Any CPU
		{C3B5470F-2A1C-4D70-BBC8-4880D8B80FB0}.Release|Any CPU.Build.0 = Release|Any CPU
		{EA97AD24-F790-4A57-8CD5-765E988F2210}.Debug|Any CPU.ActiveCfg = Debug|Any CPU
		{EA97AD24-F790-4A57-8CD5-765E988F2210}.Debug|Any CPU.Build.0 = Debug|Any CPU
		{EA97AD24-F790-4A57-8CD5-765E988F2210}.Release|Any CPU.ActiveCfg = Release|Any CPU
		{EA97AD24-F790-4A57-8CD5-765E988F2210}.Release|Any CPU.Build.0 = Release|Any CPU
		{CC3D263D-A8B5-441F-9C72-59DAB3FD1346}.Debug|Any CPU.ActiveCfg = Debug|Any CPU
		{CC3D263D-A8B5-441F-9C72-59DAB3FD1346}.Debug|Any CPU.Build.0 = Debug|Any CPU
		{CC3D263D-A8B5-441F-9C72-59DAB3FD1346}.Release|Any CPU.ActiveCfg = Release|Any CPU
		{CC3D263D-A8B5-441F-9C72-59DAB3FD1346}.Release|Any CPU.Build.0 = Release|Any CPU
	EndGlobalSection
	GlobalSection(SolutionProperties) = preSolution
		HideSolutionNode = FALSE
	EndGlobalSection
	GlobalSection(ExtensibilityGlobals) = postSolution
		SolutionGuid = {1D0CA59C-6DF3-4A11-BBFA-74201E8465E4}
	EndGlobalSection
EndGlobal
